// !$*UTF8*$!
{
	archiveVersion = 1;
	classes = {
	};
	objectVersion = 54;
	objects = {

/* Begin PBXBuildFile section */
		00E356F31AD99517003FC87E /* PatientEducationTests.m in Sources */ = {isa = PBXBuildFile; fileRef = 00E356F21AD99517003FC87E /* PatientEducationTests.m */; };
		0F59C2749EB5F0C5631EE25D /* libPods-PatientEducation_dev.a in Frameworks */ = {isa = PBXBuildFile; fileRef = F9FF7C1B1B27AB576AD96B55 /* libPods-PatientEducation_dev.a */; };
		13B07FBC1A68108700A75B9A /* AppDelegate.m in Sources */ = {isa = PBXBuildFile; fileRef = 13B07FB01A68108700A75B9A /* AppDelegate.m */; };
		13B07FBF1A68108700A75B9A /* Images.xcassets in Resources */ = {isa = PBXBuildFile; fileRef = 13B07FB51A68108700A75B9A /* Images.xcassets */; };
		13B07FC11A68108700A75B9A /* main.m in Sources */ = {isa = PBXBuildFile; fileRef = 13B07FB71A68108700A75B9A /* main.m */; };
		14412439CCA74E39854F9DC0 /* Lato-BoldItalic.ttf in Resources */ = {isa = PBXBuildFile; fileRef = E3AD688272C740489C64BB2D /* Lato-BoldItalic.ttf */; };
		238F945EDBB64A6D92425016 /* HelveticaNeueMedium.ttf in Resources */ = {isa = PBXBuildFile; fileRef = 52CF11037C4942988BF892F8 /* HelveticaNeueMedium.ttf */; };
		3BE5FD53286ADE1800D59958 /* AppDelegate.m in Sources */ = {isa = PBXBuildFile; fileRef = 13B07FB01A68108700A75B9A /* AppDelegate.m */; };
		3BE5FD54286ADE1800D59958 /* main.m in Sources */ = {isa = PBXBuildFile; fileRef = 13B07FB71A68108700A75B9A /* main.m */; };
		3BE5FD58286ADE1800D59958 /* LaunchScreen.storyboard in Resources */ = {isa = PBXBuildFile; fileRef = 81AB9BB72411601600AC10FF /* LaunchScreen.storyboard */; };
		3BE5FD59286ADE1800D59958 /* Images.xcassets in Resources */ = {isa = PBXBuildFile; fileRef = 13B07FB51A68108700A75B9A /* Images.xcassets */; };
		3BE5FD5A286ADE1800D59958 /* Comforter-Regular.ttf in Resources */ = {isa = PBXBuildFile; fileRef = 53BD6D2E19CA4D24812D62C3 /* Comforter-Regular.ttf */; };
		3BE5FD5B286ADE1800D59958 /* Lato-Black.ttf in Resources */ = {isa = PBXBuildFile; fileRef = E7D0C9223DBB4A628F008BE2 /* Lato-Black.ttf */; };
		3BE5FD5C286ADE1800D59958 /* Lato-Bold.ttf in Resources */ = {isa = PBXBuildFile; fileRef = 71D8ADB5643E48DA968AB3CB /* Lato-Bold.ttf */; };
		3BE5FD5D286ADE1800D59958 /* Lato-BoldItalic.ttf in Resources */ = {isa = PBXBuildFile; fileRef = E3AD688272C740489C64BB2D /* Lato-BoldItalic.ttf */; };
		3BE5FD5E286ADE1800D59958 /* Lato-Italic.ttf in Resources */ = {isa = PBXBuildFile; fileRef = A775935CE6BC410897A0CD10 /* Lato-Italic.ttf */; };
		3BE5FD5F286ADE1800D59958 /* Lato-Light.ttf in Resources */ = {isa = PBXBuildFile; fileRef = 46B10CA356734CC5B6A4C2AF /* Lato-Light.ttf */; };
		3BE5FD60286ADE1800D59958 /* Lato-Regular.ttf in Resources */ = {isa = PBXBuildFile; fileRef = 9A6CBD1EE2094606B7C90B1D /* Lato-Regular.ttf */; };
		3BE5FD61286ADE1800D59958 /* Lato-Thin.ttf in Resources */ = {isa = PBXBuildFile; fileRef = 90CC7ED47F6E4760963A487C /* Lato-Thin.ttf */; };
		3BE5FD6E286ADE5E00D59958 /* AppDelegate.m in Sources */ = {isa = PBXBuildFile; fileRef = 13B07FB01A68108700A75B9A /* AppDelegate.m */; };
		3BE5FD6F286ADE5E00D59958 /* main.m in Sources */ = {isa = PBXBuildFile; fileRef = 13B07FB71A68108700A75B9A /* main.m */; };
		3BE5FD73286ADE5E00D59958 /* LaunchScreen.storyboard in Resources */ = {isa = PBXBuildFile; fileRef = 81AB9BB72411601600AC10FF /* LaunchScreen.storyboard */; };
		3BE5FD74286ADE5E00D59958 /* Images.xcassets in Resources */ = {isa = PBXBuildFile; fileRef = 13B07FB51A68108700A75B9A /* Images.xcassets */; };
		3BE5FD75286ADE5E00D59958 /* Comforter-Regular.ttf in Resources */ = {isa = PBXBuildFile; fileRef = 53BD6D2E19CA4D24812D62C3 /* Comforter-Regular.ttf */; };
		3BE5FD76286ADE5E00D59958 /* Lato-Black.ttf in Resources */ = {isa = PBXBuildFile; fileRef = E7D0C9223DBB4A628F008BE2 /* Lato-Black.ttf */; };
		3BE5FD77286ADE5E00D59958 /* Lato-Bold.ttf in Resources */ = {isa = PBXBuildFile; fileRef = 71D8ADB5643E48DA968AB3CB /* Lato-Bold.ttf */; };
		3BE5FD78286ADE5E00D59958 /* Lato-BoldItalic.ttf in Resources */ = {isa = PBXBuildFile; fileRef = E3AD688272C740489C64BB2D /* Lato-BoldItalic.ttf */; };
		3BE5FD79286ADE5E00D59958 /* Lato-Italic.ttf in Resources */ = {isa = PBXBuildFile; fileRef = A775935CE6BC410897A0CD10 /* Lato-Italic.ttf */; };
		3BE5FD7A286ADE5E00D59958 /* Lato-Light.ttf in Resources */ = {isa = PBXBuildFile; fileRef = 46B10CA356734CC5B6A4C2AF /* Lato-Light.ttf */; };
		3BE5FD7B286ADE5E00D59958 /* Lato-Regular.ttf in Resources */ = {isa = PBXBuildFile; fileRef = 9A6CBD1EE2094606B7C90B1D /* Lato-Regular.ttf */; };
		3BE5FD7C286ADE5E00D59958 /* Lato-Thin.ttf in Resources */ = {isa = PBXBuildFile; fileRef = 90CC7ED47F6E4760963A487C /* Lato-Thin.ttf */; };
		3BE5FD89286ADE6E00D59958 /* AppDelegate.m in Sources */ = {isa = PBXBuildFile; fileRef = 13B07FB01A68108700A75B9A /* AppDelegate.m */; };
		3BE5FD8A286ADE6E00D59958 /* main.m in Sources */ = {isa = PBXBuildFile; fileRef = 13B07FB71A68108700A75B9A /* main.m */; };
		3BE5FD8E286ADE6E00D59958 /* LaunchScreen.storyboard in Resources */ = {isa = PBXBuildFile; fileRef = 81AB9BB72411601600AC10FF /* LaunchScreen.storyboard */; };
		3BE5FD8F286ADE6E00D59958 /* Images.xcassets in Resources */ = {isa = PBXBuildFile; fileRef = 13B07FB51A68108700A75B9A /* Images.xcassets */; };
		3BE5FD90286ADE6E00D59958 /* Comforter-Regular.ttf in Resources */ = {isa = PBXBuildFile; fileRef = 53BD6D2E19CA4D24812D62C3 /* Comforter-Regular.ttf */; };
		3BE5FD91286ADE6E00D59958 /* Lato-Black.ttf in Resources */ = {isa = PBXBuildFile; fileRef = E7D0C9223DBB4A628F008BE2 /* Lato-Black.ttf */; };
		3BE5FD92286ADE6E00D59958 /* Lato-Bold.ttf in Resources */ = {isa = PBXBuildFile; fileRef = 71D8ADB5643E48DA968AB3CB /* Lato-Bold.ttf */; };
		3BE5FD93286ADE6E00D59958 /* Lato-BoldItalic.ttf in Resources */ = {isa = PBXBuildFile; fileRef = E3AD688272C740489C64BB2D /* Lato-BoldItalic.ttf */; };
		3BE5FD94286ADE6E00D59958 /* Lato-Italic.ttf in Resources */ = {isa = PBXBuildFile; fileRef = A775935CE6BC410897A0CD10 /* Lato-Italic.ttf */; };
		3BE5FD95286ADE6E00D59958 /* Lato-Light.ttf in Resources */ = {isa = PBXBuildFile; fileRef = 46B10CA356734CC5B6A4C2AF /* Lato-Light.ttf */; };
		3BE5FD96286ADE6E00D59958 /* Lato-Regular.ttf in Resources */ = {isa = PBXBuildFile; fileRef = 9A6CBD1EE2094606B7C90B1D /* Lato-Regular.ttf */; };
		3BE5FD97286ADE6E00D59958 /* Lato-Thin.ttf in Resources */ = {isa = PBXBuildFile; fileRef = 90CC7ED47F6E4760963A487C /* Lato-Thin.ttf */; };
		3BE5FDA9286AE2B400D59958 /* Info-DEV.plist in Resources */ = {isa = PBXBuildFile; fileRef = 3BE5FDA8286AE2B400D59958 /* Info-DEV.plist */; };
		3BE5FDAB286AE6CD00D59958 /* Info-SIT.plist in Resources */ = {isa = PBXBuildFile; fileRef = 3BE5FDAA286AE6CD00D59958 /* Info-SIT.plist */; };
		3BE5FDAD286AE73800D59958 /* Info-UAT.plist in Resources */ = {isa = PBXBuildFile; fileRef = 3BE5FDAC286AE73800D59958 /* Info-UAT.plist */; };
		3BF4580128D091A300991564 /* HelveticaNeueLight.ttf in Resources */ = {isa = PBXBuildFile; fileRef = CFA5ED9BDA3F48CF82B4737E /* HelveticaNeueLight.ttf */; };
		3BF4580228D091A300991564 /* HelveticaNeueMedium.ttf in Resources */ = {isa = PBXBuildFile; fileRef = 52CF11037C4942988BF892F8 /* HelveticaNeueMedium.ttf */; };
		3E350B0C618F4F218370049A /* Comforter-Regular.ttf in Resources */ = {isa = PBXBuildFile; fileRef = 53BD6D2E19CA4D24812D62C3 /* Comforter-Regular.ttf */; };
		434A9CF2AC744FC38028DC94 /* Lato-Black.ttf in Resources */ = {isa = PBXBuildFile; fileRef = E7D0C9223DBB4A628F008BE2 /* Lato-Black.ttf */; };
		45FC8A84E0B324CDEA52747C /* libPods-PatientEducation_sit.a in Frameworks */ = {isa = PBXBuildFile; fileRef = 1A6E66F03D9E3F812F4AE672 /* libPods-PatientEducation_sit.a */; };
		71BC39CEFCE025DA32917E12 /* libPods-PatientEducation_uat.a in Frameworks */ = {isa = PBXBuildFile; fileRef = AF154C194E8962D3ECA7D4CB /* libPods-PatientEducation_uat.a */; };
		81AB9BB82411601600AC10FF /* LaunchScreen.storyboard in Resources */ = {isa = PBXBuildFile; fileRef = 81AB9BB72411601600AC10FF /* LaunchScreen.storyboard */; };
		977A98F70FE3F8316CC5A121 /* libPods-PatientEducation.a in Frameworks */ = {isa = PBXBuildFile; fileRef = CC20D0BB8A398AE5DB00CA6C /* libPods-PatientEducation.a */; };
		A38BE69765B24BDE950E3CF2 /* Lato-Thin.ttf in Resources */ = {isa = PBXBuildFile; fileRef = 90CC7ED47F6E4760963A487C /* Lato-Thin.ttf */; };
		AD16A02EBADF4BFA8F20ED11 /* Lato-Light.ttf in Resources */ = {isa = PBXBuildFile; fileRef = 46B10CA356734CC5B6A4C2AF /* Lato-Light.ttf */; };
		AD227D5C3D2C472C9FCA987C /* Lato-Bold.ttf in Resources */ = {isa = PBXBuildFile; fileRef = 71D8ADB5643E48DA968AB3CB /* Lato-Bold.ttf */; };
		AE3566E67A214B328A88CE20 /* Lato-Regular.ttf in Resources */ = {isa = PBXBuildFile; fileRef = 9A6CBD1EE2094606B7C90B1D /* Lato-Regular.ttf */; };
		B01B2C6AF6F84C6AB16FDE96 /* HelveticaNeueLight.ttf in Resources */ = {isa = PBXBuildFile; fileRef = CFA5ED9BDA3F48CF82B4737E /* HelveticaNeueLight.ttf */; };
		B8D39EC699BD439CE3735C5E /* libPods-PatientEducation-PatientEducationTests.a in Frameworks */ = {isa = PBXBuildFile; fileRef = D9071A903324F26DD27E175D /* libPods-PatientEducation-PatientEducationTests.a */; };
		D257712B93774A4D80113587 /* Lato-Italic.ttf in Resources */ = {isa = PBXBuildFile; fileRef = A775935CE6BC410897A0CD10 /* Lato-Italic.ttf */; };
/* End PBXBuildFile section */

/* Begin PBXContainerItemProxy section */
		00E356F41AD99517003FC87E /* PBXContainerItemProxy */ = {
			isa = PBXContainerItemProxy;
			containerPortal = 83CBB9F71A601CBA00E9B192 /* Project object */;
			proxyType = 1;
			remoteGlobalIDString = 13B07F861A680F5B00A75B9A;
			remoteInfo = PatientEducation;
		};
/* End PBXContainerItemProxy section */

/* Begin PBXFileReference section */
		00205F0A200403794FA6F1D7 /* Pods-PatientEducation.release.xcconfig */ = {isa = PBXFileReference; includeInIndex = 1; lastKnownFileType = text.xcconfig; name = "Pods-PatientEducation.release.xcconfig"; path = "Target Support Files/Pods-PatientEducation/Pods-PatientEducation.release.xcconfig"; sourceTree = "<group>"; };
		00E356EE1AD99517003FC87E /* PatientEducationTests.xctest */ = {isa = PBXFileReference; explicitFileType = wrapper.cfbundle; includeInIndex = 0; path = PatientEducationTests.xctest; sourceTree = BUILT_PRODUCTS_DIR; };
		00E356F11AD99517003FC87E /* Info.plist */ = {isa = PBXFileReference; lastKnownFileType = text.plist.xml; path = Info.plist; sourceTree = "<group>"; };
		00E356F21AD99517003FC87E /* PatientEducationTests.m */ = {isa = PBXFileReference; lastKnownFileType = sourcecode.c.objc; path = PatientEducationTests.m; sourceTree = "<group>"; };
		03049390322AAFCE5774D718 /* Pods-PatientEducation_uat.debug.xcconfig */ = {isa = PBXFileReference; includeInIndex = 1; lastKnownFileType = text.xcconfig; name = "Pods-PatientEducation_uat.debug.xcconfig"; path = "Target Support Files/Pods-PatientEducation_uat/Pods-PatientEducation_uat.debug.xcconfig"; sourceTree = "<group>"; };
		042C4216D5264D6C985D04CA /* FontAwesome5_Regular.ttf */ = {isa = PBXFileReference; explicitFileType = undefined; fileEncoding = 9; includeInIndex = 0; lastKnownFileType = unknown; name = FontAwesome5_Regular.ttf; path = "../node_modules/react-native-vector-icons/Fonts/FontAwesome5_Regular.ttf"; sourceTree = "<group>"; };
		0A4DEC7F4664BF820E0A738B /* Pods-PatientEducation.debug.xcconfig */ = {isa = PBXFileReference; includeInIndex = 1; lastKnownFileType = text.xcconfig; name = "Pods-PatientEducation.debug.xcconfig"; path = "Target Support Files/Pods-PatientEducation/Pods-PatientEducation.debug.xcconfig"; sourceTree = "<group>"; };
		13B07F961A680F5B00A75B9A /* PatientEducation.app */ = {isa = PBXFileReference; explicitFileType = wrapper.application; includeInIndex = 0; path = PatientEducation.app; sourceTree = BUILT_PRODUCTS_DIR; };
		13B07FAF1A68108700A75B9A /* AppDelegate.h */ = {isa = PBXFileReference; fileEncoding = 4; lastKnownFileType = sourcecode.c.h; name = AppDelegate.h; path = PatientEducation/AppDelegate.h; sourceTree = "<group>"; };
		13B07FB01A68108700A75B9A /* AppDelegate.m */ = {isa = PBXFileReference; fileEncoding = 4; lastKnownFileType = sourcecode.c.objc; name = AppDelegate.m; path = PatientEducation/AppDelegate.m; sourceTree = "<group>"; };
		13B07FB51A68108700A75B9A /* Images.xcassets */ = {isa = PBXFileReference; lastKnownFileType = folder.assetcatalog; name = Images.xcassets; path = PatientEducation/Images.xcassets; sourceTree = "<group>"; };
		13B07FB61A68108700A75B9A /* Info.plist */ = {isa = PBXFileReference; fileEncoding = 4; lastKnownFileType = text.plist.xml; name = Info.plist; path = PatientEducation/Info.plist; sourceTree = "<group>"; };
		13B07FB71A68108700A75B9A /* main.m */ = {isa = PBXFileReference; fileEncoding = 4; lastKnownFileType = sourcecode.c.objc; name = main.m; path = PatientEducation/main.m; sourceTree = "<group>"; };
		1A6E66F03D9E3F812F4AE672 /* libPods-PatientEducation_sit.a */ = {isa = PBXFileReference; explicitFileType = archive.ar; includeInIndex = 0; path = "libPods-PatientEducation_sit.a"; sourceTree = BUILT_PRODUCTS_DIR; };
		2393C914405746C7BED46865 /* Foundation.ttf */ = {isa = PBXFileReference; explicitFileType = undefined; fileEncoding = 9; includeInIndex = 0; lastKnownFileType = unknown; name = Foundation.ttf; path = "../node_modules/react-native-vector-icons/Fonts/Foundation.ttf"; sourceTree = "<group>"; };
		24978491CC6F4724A88495FF /* EvilIcons.ttf */ = {isa = PBXFileReference; explicitFileType = undefined; fileEncoding = 9; includeInIndex = 0; lastKnownFileType = unknown; name = EvilIcons.ttf; path = "../node_modules/react-native-vector-icons/Fonts/EvilIcons.ttf"; sourceTree = "<group>"; };
		249D673E4F5DD8304C340F5A /* Pods-PatientEducation-PatientEducationTests.release.xcconfig */ = {isa = PBXFileReference; includeInIndex = 1; lastKnownFileType = text.xcconfig; name = "Pods-PatientEducation-PatientEducationTests.release.xcconfig"; path = "Target Support Files/Pods-PatientEducation-PatientEducationTests/Pods-PatientEducation-PatientEducationTests.release.xcconfig"; sourceTree = "<group>"; };
		3B5DD2A728EEEDFB0062E90E /* PatientEducation-Bridging-Header.h */ = {isa = PBXFileReference; lastKnownFileType = sourcecode.c.h; path = "PatientEducation-Bridging-Header.h"; sourceTree = "<group>"; };
		3B5DD2A828EEEDFB0062E90E /* PatientEducation_sit-Bridging-Header.h */ = {isa = PBXFileReference; lastKnownFileType = sourcecode.c.h; path = "PatientEducation_sit-Bridging-Header.h"; sourceTree = "<group>"; };
		3B5DD2A928EEEDFB0062E90E /* PatientEducation_uat-Bridging-Header.h */ = {isa = PBXFileReference; lastKnownFileType = sourcecode.c.h; path = "PatientEducation_uat-Bridging-Header.h"; sourceTree = "<group>"; };
		3B5DD2AA28EEEDFB0062E90E /* PatientEducation_dev-Bridging-Header.h */ = {isa = PBXFileReference; lastKnownFileType = sourcecode.c.h; path = "PatientEducation_dev-Bridging-Header.h"; sourceTree = "<group>"; };
		3BE5FD68286ADE1800D59958 /* PatientEducation_sit.app */ = {isa = PBXFileReference; explicitFileType = wrapper.application; includeInIndex = 0; path = PatientEducation_sit.app; sourceTree = BUILT_PRODUCTS_DIR; };
		3BE5FD83286ADE5E00D59958 /* PatientEducation_uat.app */ = {isa = PBXFileReference; explicitFileType = wrapper.application; includeInIndex = 0; path = PatientEducation_uat.app; sourceTree = BUILT_PRODUCTS_DIR; };
		3BE5FD9E286ADE6E00D59958 /* PatientEducation_dev.app */ = {isa = PBXFileReference; explicitFileType = wrapper.application; includeInIndex = 0; path = PatientEducation_dev.app; sourceTree = BUILT_PRODUCTS_DIR; };
		3BE5FDA8286AE2B400D59958 /* Info-DEV.plist */ = {isa = PBXFileReference; fileEncoding = 4; lastKnownFileType = text.plist.xml; name = "Info-DEV.plist"; path = "PatientEducation/Info-DEV.plist"; sourceTree = "<group>"; };
		3BE5FDAA286AE6CD00D59958 /* Info-SIT.plist */ = {isa = PBXFileReference; fileEncoding = 4; lastKnownFileType = text.plist.xml; name = "Info-SIT.plist"; path = "PatientEducation/Info-SIT.plist"; sourceTree = "<group>"; };
		3BE5FDAC286AE73800D59958 /* Info-UAT.plist */ = {isa = PBXFileReference; fileEncoding = 4; lastKnownFileType = text.plist.xml; name = "Info-UAT.plist"; path = "PatientEducation/Info-UAT.plist"; sourceTree = "<group>"; };
		3BE823AD28D05873006AC9F9 /* libPermission-Camera.a */ = {isa = PBXFileReference; explicitFileType = archive.ar; path = "libPermission-Camera.a"; sourceTree = BUILT_PRODUCTS_DIR; };
		3BF4580328D1CB3400991564 /* libRNPermissions.a */ = {isa = PBXFileReference; explicitFileType = archive.ar; path = libRNPermissions.a; sourceTree = BUILT_PRODUCTS_DIR; };
		46B10CA356734CC5B6A4C2AF /* Lato-Light.ttf */ = {isa = PBXFileReference; explicitFileType = undefined; fileEncoding = 9; includeInIndex = 0; lastKnownFileType = unknown; name = "Lato-Light.ttf"; path = "../assets/fonts/Lato-Light.ttf"; sourceTree = "<group>"; };
		52CF11037C4942988BF892F8 /* HelveticaNeueMedium.ttf */ = {isa = PBXFileReference; explicitFileType = undefined; fileEncoding = 9; includeInIndex = 0; lastKnownFileType = unknown; name = HelveticaNeueMedium.ttf; path = ../assets/fonts/HelveticaNeueMedium.ttf; sourceTree = "<group>"; };
		53BD6D2E19CA4D24812D62C3 /* Comforter-Regular.ttf */ = {isa = PBXFileReference; explicitFileType = undefined; fileEncoding = 9; includeInIndex = 0; lastKnownFileType = unknown; name = "Comforter-Regular.ttf"; path = "../assets/fonts/Comforter-Regular.ttf"; sourceTree = "<group>"; };
		53C7C9EB0EE294F33154A548 /* Pods-PatientEducation_dev.release.xcconfig */ = {isa = PBXFileReference; includeInIndex = 1; lastKnownFileType = text.xcconfig; name = "Pods-PatientEducation_dev.release.xcconfig"; path = "Target Support Files/Pods-PatientEducation_dev/Pods-PatientEducation_dev.release.xcconfig"; sourceTree = "<group>"; };
		56CE282B5D9F4262BCC7689A /* Ionicons.ttf */ = {isa = PBXFileReference; explicitFileType = undefined; fileEncoding = 9; includeInIndex = 0; lastKnownFileType = unknown; name = Ionicons.ttf; path = "../node_modules/react-native-vector-icons/Fonts/Ionicons.ttf"; sourceTree = "<group>"; };
		6453E7233C183B982F1F5A4C /* Pods-PatientEducation_sit.release.xcconfig */ = {isa = PBXFileReference; includeInIndex = 1; lastKnownFileType = text.xcconfig; name = "Pods-PatientEducation_sit.release.xcconfig"; path = "Target Support Files/Pods-PatientEducation_sit/Pods-PatientEducation_sit.release.xcconfig"; sourceTree = "<group>"; };
		65E36C1D1F06407A81F4D4CC /* Zocial.ttf */ = {isa = PBXFileReference; explicitFileType = undefined; fileEncoding = 9; includeInIndex = 0; lastKnownFileType = unknown; name = Zocial.ttf; path = "../node_modules/react-native-vector-icons/Fonts/Zocial.ttf"; sourceTree = "<group>"; };
		65E3B8AF3F934371BE1A3C79 /* Entypo.ttf */ = {isa = PBXFileReference; explicitFileType = undefined; fileEncoding = 9; includeInIndex = 0; lastKnownFileType = unknown; name = Entypo.ttf; path = "../node_modules/react-native-vector-icons/Fonts/Entypo.ttf"; sourceTree = "<group>"; };
		6A80B2259B78D81F1095B923 /* Pods-PatientEducation_sit.debug.xcconfig */ = {isa = PBXFileReference; includeInIndex = 1; lastKnownFileType = text.xcconfig; name = "Pods-PatientEducation_sit.debug.xcconfig"; path = "Target Support Files/Pods-PatientEducation_sit/Pods-PatientEducation_sit.debug.xcconfig"; sourceTree = "<group>"; };
		6D2BB5A88F5142038922CB50 /* FontAwesome5_Solid.ttf */ = {isa = PBXFileReference; explicitFileType = undefined; fileEncoding = 9; includeInIndex = 0; lastKnownFileType = unknown; name = FontAwesome5_Solid.ttf; path = "../node_modules/react-native-vector-icons/Fonts/FontAwesome5_Solid.ttf"; sourceTree = "<group>"; };
		6E6A3E83B3C4441790D11212 /* FontAwesome5_Brands.ttf */ = {isa = PBXFileReference; explicitFileType = undefined; fileEncoding = 9; includeInIndex = 0; lastKnownFileType = unknown; name = FontAwesome5_Brands.ttf; path = "../node_modules/react-native-vector-icons/Fonts/FontAwesome5_Brands.ttf"; sourceTree = "<group>"; };
		71D8ADB5643E48DA968AB3CB /* Lato-Bold.ttf */ = {isa = PBXFileReference; explicitFileType = undefined; fileEncoding = 9; includeInIndex = 0; lastKnownFileType = unknown; name = "Lato-Bold.ttf"; path = "../assets/fonts/Lato-Bold.ttf"; sourceTree = "<group>"; };
		789AE08F25314E4B957E7022 /* Octicons.ttf */ = {isa = PBXFileReference; explicitFileType = undefined; fileEncoding = 9; includeInIndex = 0; lastKnownFileType = unknown; name = Octicons.ttf; path = "../node_modules/react-native-vector-icons/Fonts/Octicons.ttf"; sourceTree = "<group>"; };
		7BC0D07995082F1A7E205775 /* Pods-PatientEducation_dev.debug.xcconfig */ = {isa = PBXFileReference; includeInIndex = 1; lastKnownFileType = text.xcconfig; name = "Pods-PatientEducation_dev.debug.xcconfig"; path = "Target Support Files/Pods-PatientEducation_dev/Pods-PatientEducation_dev.debug.xcconfig"; sourceTree = "<group>"; };
		810185B9899FCBB7780316E6 /* Pods-PatientEducation-PatientEducationTests.debug.xcconfig */ = {isa = PBXFileReference; includeInIndex = 1; lastKnownFileType = text.xcconfig; name = "Pods-PatientEducation-PatientEducationTests.debug.xcconfig"; path = "Target Support Files/Pods-PatientEducation-PatientEducationTests/Pods-PatientEducation-PatientEducationTests.debug.xcconfig"; sourceTree = "<group>"; };
		81AB9BB72411601600AC10FF /* LaunchScreen.storyboard */ = {isa = PBXFileReference; fileEncoding = 4; lastKnownFileType = file.storyboard; name = LaunchScreen.storyboard; path = PatientEducation/LaunchScreen.storyboard; sourceTree = "<group>"; };
		8D77F7749AF32634825C8A7C /* Pods-PatientEducation_uat.release.xcconfig */ = {isa = PBXFileReference; includeInIndex = 1; lastKnownFileType = text.xcconfig; name = "Pods-PatientEducation_uat.release.xcconfig"; path = "Target Support Files/Pods-PatientEducation_uat/Pods-PatientEducation_uat.release.xcconfig"; sourceTree = "<group>"; };
		90CC7ED47F6E4760963A487C /* Lato-Thin.ttf */ = {isa = PBXFileReference; explicitFileType = undefined; fileEncoding = 9; includeInIndex = 0; lastKnownFileType = unknown; name = "Lato-Thin.ttf"; path = "../assets/fonts/Lato-Thin.ttf"; sourceTree = "<group>"; };
		916659E8FE9B422F9401789D /* MaterialIcons.ttf */ = {isa = PBXFileReference; explicitFileType = undefined; fileEncoding = 9; includeInIndex = 0; lastKnownFileType = unknown; name = MaterialIcons.ttf; path = "../node_modules/react-native-vector-icons/Fonts/MaterialIcons.ttf"; sourceTree = "<group>"; };
		98C11722FC5342168F75F344 /* AntDesign.ttf */ = {isa = PBXFileReference; explicitFileType = undefined; fileEncoding = 9; includeInIndex = 0; lastKnownFileType = unknown; name = AntDesign.ttf; path = "../node_modules/react-native-vector-icons/Fonts/AntDesign.ttf"; sourceTree = "<group>"; };
		9A6CBD1EE2094606B7C90B1D /* Lato-Regular.ttf */ = {isa = PBXFileReference; explicitFileType = undefined; fileEncoding = 9; includeInIndex = 0; lastKnownFileType = unknown; name = "Lato-Regular.ttf"; path = "../assets/fonts/Lato-Regular.ttf"; sourceTree = "<group>"; };
		A775935CE6BC410897A0CD10 /* Lato-Italic.ttf */ = {isa = PBXFileReference; explicitFileType = undefined; fileEncoding = 9; includeInIndex = 0; lastKnownFileType = unknown; name = "Lato-Italic.ttf"; path = "../assets/fonts/Lato-Italic.ttf"; sourceTree = "<group>"; };
		AF154C194E8962D3ECA7D4CB /* libPods-PatientEducation_uat.a */ = {isa = PBXFileReference; explicitFileType = archive.ar; includeInIndex = 0; path = "libPods-PatientEducation_uat.a"; sourceTree = BUILT_PRODUCTS_DIR; };
		AF1605E8B98747899CF0283B /* MaterialCommunityIcons.ttf */ = {isa = PBXFileReference; explicitFileType = undefined; fileEncoding = 9; includeInIndex = 0; lastKnownFileType = unknown; name = MaterialCommunityIcons.ttf; path = "../node_modules/react-native-vector-icons/Fonts/MaterialCommunityIcons.ttf"; sourceTree = "<group>"; };
		B8BF415AA7D44068ABB0C2C2 /* FontAwesome.ttf */ = {isa = PBXFileReference; explicitFileType = undefined; fileEncoding = 9; includeInIndex = 0; lastKnownFileType = unknown; name = FontAwesome.ttf; path = "../node_modules/react-native-vector-icons/Fonts/FontAwesome.ttf"; sourceTree = "<group>"; };
		CC20D0BB8A398AE5DB00CA6C /* libPods-PatientEducation.a */ = {isa = PBXFileReference; explicitFileType = archive.ar; includeInIndex = 0; path = "libPods-PatientEducation.a"; sourceTree = BUILT_PRODUCTS_DIR; };
		CC5052546D3345DFB7245A06 /* Feather.ttf */ = {isa = PBXFileReference; explicitFileType = undefined; fileEncoding = 9; includeInIndex = 0; lastKnownFileType = unknown; name = Feather.ttf; path = "../node_modules/react-native-vector-icons/Fonts/Feather.ttf"; sourceTree = "<group>"; };
		CFA5ED9BDA3F48CF82B4737E /* HelveticaNeueLight.ttf */ = {isa = PBXFileReference; explicitFileType = undefined; fileEncoding = 9; includeInIndex = 0; lastKnownFileType = unknown; name = HelveticaNeueLight.ttf; path = ../assets/fonts/HelveticaNeueLight.ttf; sourceTree = "<group>"; };
		D9071A903324F26DD27E175D /* libPods-PatientEducation-PatientEducationTests.a */ = {isa = PBXFileReference; explicitFileType = archive.ar; includeInIndex = 0; path = "libPods-PatientEducation-PatientEducationTests.a"; sourceTree = BUILT_PRODUCTS_DIR; };
		E3AD688272C740489C64BB2D /* Lato-BoldItalic.ttf */ = {isa = PBXFileReference; explicitFileType = undefined; fileEncoding = 9; includeInIndex = 0; lastKnownFileType = unknown; name = "Lato-BoldItalic.ttf"; path = "../assets/fonts/Lato-BoldItalic.ttf"; sourceTree = "<group>"; };
		E7D0C9223DBB4A628F008BE2 /* Lato-Black.ttf */ = {isa = PBXFileReference; explicitFileType = undefined; fileEncoding = 9; includeInIndex = 0; lastKnownFileType = unknown; name = "Lato-Black.ttf"; path = "../assets/fonts/Lato-Black.ttf"; sourceTree = "<group>"; };
		ED297162215061F000B7C4FE /* JavaScriptCore.framework */ = {isa = PBXFileReference; lastKnownFileType = wrapper.framework; name = JavaScriptCore.framework; path = System/Library/Frameworks/JavaScriptCore.framework; sourceTree = SDKROOT; };
		F65BE2DA482C42109A637256 /* Fontisto.ttf */ = {isa = PBXFileReference; explicitFileType = undefined; fileEncoding = 9; includeInIndex = 0; lastKnownFileType = unknown; name = Fontisto.ttf; path = "../node_modules/react-native-vector-icons/Fonts/Fontisto.ttf"; sourceTree = "<group>"; };
		F7BE502687234E8498F2B2D7 /* SimpleLineIcons.ttf */ = {isa = PBXFileReference; explicitFileType = undefined; fileEncoding = 9; includeInIndex = 0; lastKnownFileType = unknown; name = SimpleLineIcons.ttf; path = "../node_modules/react-native-vector-icons/Fonts/SimpleLineIcons.ttf"; sourceTree = "<group>"; };
		F9FF7C1B1B27AB576AD96B55 /* libPods-PatientEducation_dev.a */ = {isa = PBXFileReference; explicitFileType = archive.ar; includeInIndex = 0; path = "libPods-PatientEducation_dev.a"; sourceTree = BUILT_PRODUCTS_DIR; };
/* End PBXFileReference section */

/* Begin PBXFrameworksBuildPhase section */
		00E356EB1AD99517003FC87E /* Frameworks */ = {
			isa = PBXFrameworksBuildPhase;
			buildActionMask = 2147483647;
			files = (
				B8D39EC699BD439CE3735C5E /* libPods-PatientEducation-PatientEducationTests.a in Frameworks */,
			);
			runOnlyForDeploymentPostprocessing = 0;
		};
		13B07F8C1A680F5B00A75B9A /* Frameworks */ = {
			isa = PBXFrameworksBuildPhase;
			buildActionMask = 2147483647;
			files = (
				977A98F70FE3F8316CC5A121 /* libPods-PatientEducation.a in Frameworks */,
			);
			runOnlyForDeploymentPostprocessing = 0;
		};
		3BE5FD55286ADE1800D59958 /* Frameworks */ = {
			isa = PBXFrameworksBuildPhase;
			buildActionMask = 2147483647;
			files = (
				45FC8A84E0B324CDEA52747C /* libPods-PatientEducation_sit.a in Frameworks */,
			);
			runOnlyForDeploymentPostprocessing = 0;
		};
		3BE5FD70286ADE5E00D59958 /* Frameworks */ = {
			isa = PBXFrameworksBuildPhase;
			buildActionMask = 2147483647;
			files = (
				71BC39CEFCE025DA32917E12 /* libPods-PatientEducation_uat.a in Frameworks */,
			);
			runOnlyForDeploymentPostprocessing = 0;
		};
		3BE5FD8B286ADE6E00D59958 /* Frameworks */ = {
			isa = PBXFrameworksBuildPhase;
			buildActionMask = 2147483647;
			files = (
				0F59C2749EB5F0C5631EE25D /* libPods-PatientEducation_dev.a in Frameworks */,
			);
			runOnlyForDeploymentPostprocessing = 0;
		};
/* End PBXFrameworksBuildPhase section */

/* Begin PBXGroup section */
		00E356EF1AD99517003FC87E /* PatientEducationTests */ = {
			isa = PBXGroup;
			children = (
				00E356F21AD99517003FC87E /* PatientEducationTests.m */,
				00E356F01AD99517003FC87E /* Supporting Files */,
			);
			path = PatientEducationTests;
			sourceTree = "<group>";
		};
		00E356F01AD99517003FC87E /* Supporting Files */ = {
			isa = PBXGroup;
			children = (
				00E356F11AD99517003FC87E /* Info.plist */,
			);
			name = "Supporting Files";
			sourceTree = "<group>";
		};
		13B07FAE1A68108700A75B9A /* PatientEducation */ = {
			isa = PBXGroup;
			children = (
				13B07FAF1A68108700A75B9A /* AppDelegate.h */,
				13B07FB01A68108700A75B9A /* AppDelegate.m */,
				3BE5FDAC286AE73800D59958 /* Info-UAT.plist */,
				3BE5FDAA286AE6CD00D59958 /* Info-SIT.plist */,
				3BE5FDA8286AE2B400D59958 /* Info-DEV.plist */,
				13B07FB51A68108700A75B9A /* Images.xcassets */,
				13B07FB61A68108700A75B9A /* Info.plist */,
				81AB9BB72411601600AC10FF /* LaunchScreen.storyboard */,
				13B07FB71A68108700A75B9A /* main.m */,
				3B5DD2A728EEEDFB0062E90E /* PatientEducation-Bridging-Header.h */,
				3B5DD2A828EEEDFB0062E90E /* PatientEducation_sit-Bridging-Header.h */,
				3B5DD2A928EEEDFB0062E90E /* PatientEducation_uat-Bridging-Header.h */,
				3B5DD2AA28EEEDFB0062E90E /* PatientEducation_dev-Bridging-Header.h */,
			);
			name = PatientEducation;
			sourceTree = "<group>";
		};
		2D16E6871FA4F8E400B85C8A /* Frameworks */ = {
			isa = PBXGroup;
			children = (
				3BF4580328D1CB3400991564 /* libRNPermissions.a */,
				3BE823AD28D05873006AC9F9 /* libPermission-Camera.a */,
				ED297162215061F000B7C4FE /* JavaScriptCore.framework */,
				CC20D0BB8A398AE5DB00CA6C /* libPods-PatientEducation.a */,
				D9071A903324F26DD27E175D /* libPods-PatientEducation-PatientEducationTests.a */,
				F9FF7C1B1B27AB576AD96B55 /* libPods-PatientEducation_dev.a */,
				1A6E66F03D9E3F812F4AE672 /* libPods-PatientEducation_sit.a */,
				AF154C194E8962D3ECA7D4CB /* libPods-PatientEducation_uat.a */,
			);
			name = Frameworks;
			sourceTree = "<group>";
		};
		832341AE1AAA6A7D00B99B32 /* Libraries */ = {
			isa = PBXGroup;
			children = (
			);
			name = Libraries;
			sourceTree = "<group>";
		};
		83CBB9F61A601CBA00E9B192 = {
			isa = PBXGroup;
			children = (
				13B07FAE1A68108700A75B9A /* PatientEducation */,
				832341AE1AAA6A7D00B99B32 /* Libraries */,
				00E356EF1AD99517003FC87E /* PatientEducationTests */,
				83CBBA001A601CBA00E9B192 /* Products */,
				2D16E6871FA4F8E400B85C8A /* Frameworks */,
				83E022198B754C76A2D67EE7 /* Resources */,
				DD00B3073F10D9516290499B /* Pods */,
			);
			indentWidth = 2;
			sourceTree = "<group>";
			tabWidth = 2;
			usesTabs = 0;
		};
		83CBBA001A601CBA00E9B192 /* Products */ = {
			isa = PBXGroup;
			children = (
				13B07F961A680F5B00A75B9A /* PatientEducation.app */,
				00E356EE1AD99517003FC87E /* PatientEducationTests.xctest */,
				3BE5FD68286ADE1800D59958 /* PatientEducation_sit.app */,
				3BE5FD83286ADE5E00D59958 /* PatientEducation_uat.app */,
				3BE5FD9E286ADE6E00D59958 /* PatientEducation_dev.app */,
			);
			name = Products;
			sourceTree = "<group>";
		};
		83E022198B754C76A2D67EE7 /* Resources */ = {
			isa = PBXGroup;
			children = (
				53BD6D2E19CA4D24812D62C3 /* Comforter-Regular.ttf */,
				E7D0C9223DBB4A628F008BE2 /* Lato-Black.ttf */,
				71D8ADB5643E48DA968AB3CB /* Lato-Bold.ttf */,
				E3AD688272C740489C64BB2D /* Lato-BoldItalic.ttf */,
				A775935CE6BC410897A0CD10 /* Lato-Italic.ttf */,
				46B10CA356734CC5B6A4C2AF /* Lato-Light.ttf */,
				9A6CBD1EE2094606B7C90B1D /* Lato-Regular.ttf */,
				90CC7ED47F6E4760963A487C /* Lato-Thin.ttf */,
				98C11722FC5342168F75F344 /* AntDesign.ttf */,
				65E3B8AF3F934371BE1A3C79 /* Entypo.ttf */,
				24978491CC6F4724A88495FF /* EvilIcons.ttf */,
				CC5052546D3345DFB7245A06 /* Feather.ttf */,
				B8BF415AA7D44068ABB0C2C2 /* FontAwesome.ttf */,
				6E6A3E83B3C4441790D11212 /* FontAwesome5_Brands.ttf */,
				042C4216D5264D6C985D04CA /* FontAwesome5_Regular.ttf */,
				6D2BB5A88F5142038922CB50 /* FontAwesome5_Solid.ttf */,
				F65BE2DA482C42109A637256 /* Fontisto.ttf */,
				2393C914405746C7BED46865 /* Foundation.ttf */,
				56CE282B5D9F4262BCC7689A /* Ionicons.ttf */,
				AF1605E8B98747899CF0283B /* MaterialCommunityIcons.ttf */,
				916659E8FE9B422F9401789D /* MaterialIcons.ttf */,
				789AE08F25314E4B957E7022 /* Octicons.ttf */,
				F7BE502687234E8498F2B2D7 /* SimpleLineIcons.ttf */,
				65E36C1D1F06407A81F4D4CC /* Zocial.ttf */,
				CFA5ED9BDA3F48CF82B4737E /* HelveticaNeueLight.ttf */,
				52CF11037C4942988BF892F8 /* HelveticaNeueMedium.ttf */,
			);
			name = Resources;
			sourceTree = "<group>";
		};
		DD00B3073F10D9516290499B /* Pods */ = {
			isa = PBXGroup;
			children = (
				0A4DEC7F4664BF820E0A738B /* Pods-PatientEducation.debug.xcconfig */,
				00205F0A200403794FA6F1D7 /* Pods-PatientEducation.release.xcconfig */,
				810185B9899FCBB7780316E6 /* Pods-PatientEducation-PatientEducationTests.debug.xcconfig */,
				249D673E4F5DD8304C340F5A /* Pods-PatientEducation-PatientEducationTests.release.xcconfig */,
				7BC0D07995082F1A7E205775 /* Pods-PatientEducation_dev.debug.xcconfig */,
				53C7C9EB0EE294F33154A548 /* Pods-PatientEducation_dev.release.xcconfig */,
				6A80B2259B78D81F1095B923 /* Pods-PatientEducation_sit.debug.xcconfig */,
				6453E7233C183B982F1F5A4C /* Pods-PatientEducation_sit.release.xcconfig */,
				03049390322AAFCE5774D718 /* Pods-PatientEducation_uat.debug.xcconfig */,
				8D77F7749AF32634825C8A7C /* Pods-PatientEducation_uat.release.xcconfig */,
			);
			path = Pods;
			sourceTree = "<group>";
		};
/* End PBXGroup section */

/* Begin PBXNativeTarget section */
		00E356ED1AD99517003FC87E /* PatientEducationTests */ = {
			isa = PBXNativeTarget;
			buildConfigurationList = 00E357021AD99517003FC87E /* Build configuration list for PBXNativeTarget "PatientEducationTests" */;
			buildPhases = (
				749EFD34880CBE4100453C9E /* [CP] Check Pods Manifest.lock */,
				00E356EA1AD99517003FC87E /* Sources */,
				00E356EB1AD99517003FC87E /* Frameworks */,
				00E356EC1AD99517003FC87E /* Resources */,
				D27C5149CB86F90190767BD2 /* [CP] Embed Pods Frameworks */,
				C7AA9F65BBF3CBA5E8EDFC0D /* [CP] Copy Pods Resources */,
			);
			buildRules = (
			);
			dependencies = (
				00E356F51AD99517003FC87E /* PBXTargetDependency */,
			);
			name = PatientEducationTests;
			productName = PatientEducationTests;
			productReference = 00E356EE1AD99517003FC87E /* PatientEducationTests.xctest */;
			productType = "com.apple.product-type.bundle.unit-test";
		};
		13B07F861A680F5B00A75B9A /* PatientEducation */ = {
			isa = PBXNativeTarget;
			buildConfigurationList = 13B07F931A680F5B00A75B9A /* Build configuration list for PBXNativeTarget "PatientEducation" */;
			buildPhases = (
				6C1201322C98C1CFFEE9A37D /* [CP] Check Pods Manifest.lock */,
				FD10A7F022414F080027D42C /* Start Packager */,
				13B07F871A680F5B00A75B9A /* Sources */,
				13B07F8C1A680F5B00A75B9A /* Frameworks */,
				13B07F8E1A680F5B00A75B9A /* Resources */,
				00DD1BFF1BD5951E006B06BC /* Bundle React Native code and images */,
				18C74D6A8E937DBD00A6AD85 /* [CP] Embed Pods Frameworks */,
				658A2008A098542BAA67D315 /* [CP] Copy Pods Resources */,
			);
			buildRules = (
			);
			dependencies = (
			);
			name = PatientEducation;
			productName = PatientEducation;
			productReference = 13B07F961A680F5B00A75B9A /* PatientEducation.app */;
			productType = "com.apple.product-type.application";
		};
		3BE5FD4F286ADE1800D59958 /* PatientEducation_sit */ = {
			isa = PBXNativeTarget;
			buildConfigurationList = 3BE5FD65286ADE1800D59958 /* Build configuration list for PBXNativeTarget "PatientEducation_sit" */;
			buildPhases = (
				B171235D380CC41ADF0EC50E /* [CP] Check Pods Manifest.lock */,
				3BE5FD51286ADE1800D59958 /* Start Packager */,
				3BE5FD52286ADE1800D59958 /* Sources */,
				3BE5FD55286ADE1800D59958 /* Frameworks */,
				3BE5FD57286ADE1800D59958 /* Resources */,
				3BE5FD62286ADE1800D59958 /* Bundle React Native code and images */,
				D17A0FAB8FD11A95A26E9FDE /* [CP] Copy Pods Resources */,
			);
			buildRules = (
			);
			dependencies = (
			);
			name = PatientEducation_sit;
			productName = PatientEducation;
			productReference = 3BE5FD68286ADE1800D59958 /* PatientEducation_sit.app */;
			productType = "com.apple.product-type.application";
		};
		3BE5FD6A286ADE5E00D59958 /* PatientEducation_uat */ = {
			isa = PBXNativeTarget;
			buildConfigurationList = 3BE5FD80286ADE5E00D59958 /* Build configuration list for PBXNativeTarget "PatientEducation_uat" */;
			buildPhases = (
				D892F31E0825812C53BDA4C6 /* [CP] Check Pods Manifest.lock */,
				3BE5FD6C286ADE5E00D59958 /* Start Packager */,
				3BE5FD6D286ADE5E00D59958 /* Sources */,
				3BE5FD70286ADE5E00D59958 /* Frameworks */,
				3BE5FD72286ADE5E00D59958 /* Resources */,
				3BE5FD7D286ADE5E00D59958 /* Bundle React Native code and images */,
				8DBD969DF238DEB82EBEC7FB /* [CP] Copy Pods Resources */,
			);
			buildRules = (
			);
			dependencies = (
			);
			name = PatientEducation_uat;
			productName = PatientEducation;
			productReference = 3BE5FD83286ADE5E00D59958 /* PatientEducation_uat.app */;
			productType = "com.apple.product-type.application";
		};
		3BE5FD85286ADE6E00D59958 /* PatientEducation_dev */ = {
			isa = PBXNativeTarget;
			buildConfigurationList = 3BE5FD9B286ADE6E00D59958 /* Build configuration list for PBXNativeTarget "PatientEducation_dev" */;
			buildPhases = (
				E7ACDAD9B5EF720C6C8879C7 /* [CP] Check Pods Manifest.lock */,
				3BE5FD87286ADE6E00D59958 /* Start Packager */,
				3BE5FD88286ADE6E00D59958 /* Sources */,
				3BE5FD8B286ADE6E00D59958 /* Frameworks */,
				3BE5FD8D286ADE6E00D59958 /* Resources */,
				3BE5FD98286ADE6E00D59958 /* Bundle React Native code and images */,
				4A8F0EB7235725FFF82E876A /* [CP] Copy Pods Resources */,
			);
			buildRules = (
			);
			dependencies = (
			);
			name = PatientEducation_dev;
			productName = PatientEducation;
			productReference = 3BE5FD9E286ADE6E00D59958 /* PatientEducation_dev.app */;
			productType = "com.apple.product-type.application";
		};
/* End PBXNativeTarget section */

/* Begin PBXProject section */
		83CBB9F71A601CBA00E9B192 /* Project object */ = {
			isa = PBXProject;
			attributes = {
				LastUpgradeCheck = 1210;
				TargetAttributes = {
					00E356ED1AD99517003FC87E = {
						CreatedOnToolsVersion = 6.2;
						TestTargetID = 13B07F861A680F5B00A75B9A;
					};
					13B07F861A680F5B00A75B9A = {
						LastSwiftMigration = 1320;
					};
					3BE5FD4F286ADE1800D59958 = {
						LastSwiftMigration = 1320;
					};
					3BE5FD6A286ADE5E00D59958 = {
						LastSwiftMigration = 1320;
					};
					3BE5FD85286ADE6E00D59958 = {
						LastSwiftMigration = 1320;
					};
				};
			};
			buildConfigurationList = 83CBB9FA1A601CBA00E9B192 /* Build configuration list for PBXProject "PatientEducation" */;
			compatibilityVersion = "Xcode 12.0";
			developmentRegion = en;
			hasScannedForEncodings = 0;
			knownRegions = (
				en,
				Base,
			);
			mainGroup = 83CBB9F61A601CBA00E9B192;
			productRefGroup = 83CBBA001A601CBA00E9B192 /* Products */;
			projectDirPath = "";
			projectRoot = "";
			targets = (
				13B07F861A680F5B00A75B9A /* PatientEducation */,
				00E356ED1AD99517003FC87E /* PatientEducationTests */,
				3BE5FD4F286ADE1800D59958 /* PatientEducation_sit */,
				3BE5FD6A286ADE5E00D59958 /* PatientEducation_uat */,
				3BE5FD85286ADE6E00D59958 /* PatientEducation_dev */,
			);
		};
/* End PBXProject section */

/* Begin PBXResourcesBuildPhase section */
		00E356EC1AD99517003FC87E /* Resources */ = {
			isa = PBXResourcesBuildPhase;
			buildActionMask = 2147483647;
			files = (
			);
			runOnlyForDeploymentPostprocessing = 0;
		};
		13B07F8E1A680F5B00A75B9A /* Resources */ = {
			isa = PBXResourcesBuildPhase;
			buildActionMask = 2147483647;
			files = (
				81AB9BB82411601600AC10FF /* LaunchScreen.storyboard in Resources */,
				13B07FBF1A68108700A75B9A /* Images.xcassets in Resources */,
				3E350B0C618F4F218370049A /* Comforter-Regular.ttf in Resources */,
				434A9CF2AC744FC38028DC94 /* Lato-Black.ttf in Resources */,
				AD227D5C3D2C472C9FCA987C /* Lato-Bold.ttf in Resources */,
				14412439CCA74E39854F9DC0 /* Lato-BoldItalic.ttf in Resources */,
				D257712B93774A4D80113587 /* Lato-Italic.ttf in Resources */,
				AD16A02EBADF4BFA8F20ED11 /* Lato-Light.ttf in Resources */,
				AE3566E67A214B328A88CE20 /* Lato-Regular.ttf in Resources */,
				A38BE69765B24BDE950E3CF2 /* Lato-Thin.ttf in Resources */,
				B01B2C6AF6F84C6AB16FDE96 /* HelveticaNeueLight.ttf in Resources */,
				238F945EDBB64A6D92425016 /* HelveticaNeueMedium.ttf in Resources */,
			);
			runOnlyForDeploymentPostprocessing = 0;
		};
		3BE5FD57286ADE1800D59958 /* Resources */ = {
			isa = PBXResourcesBuildPhase;
			buildActionMask = 2147483647;
			files = (
				3BE5FD58286ADE1800D59958 /* LaunchScreen.storyboard in Resources */,
				3BE5FD59286ADE1800D59958 /* Images.xcassets in Resources */,
				3BE5FD5A286ADE1800D59958 /* Comforter-Regular.ttf in Resources */,
				3BE5FDAB286AE6CD00D59958 /* Info-SIT.plist in Resources */,
				3BE5FD5B286ADE1800D59958 /* Lato-Black.ttf in Resources */,
				3BE5FD5C286ADE1800D59958 /* Lato-Bold.ttf in Resources */,
				3BE5FD5D286ADE1800D59958 /* Lato-BoldItalic.ttf in Resources */,
				3BE5FD5E286ADE1800D59958 /* Lato-Italic.ttf in Resources */,
				3BE5FD5F286ADE1800D59958 /* Lato-Light.ttf in Resources */,
				3BE5FD60286ADE1800D59958 /* Lato-Regular.ttf in Resources */,
				3BE5FD61286ADE1800D59958 /* Lato-Thin.ttf in Resources */,
			);
			runOnlyForDeploymentPostprocessing = 0;
		};
		3BE5FD72286ADE5E00D59958 /* Resources */ = {
			isa = PBXResourcesBuildPhase;
			buildActionMask = 2147483647;
			files = (
				3BE5FD73286ADE5E00D59958 /* LaunchScreen.storyboard in Resources */,
				3BE5FD74286ADE5E00D59958 /* Images.xcassets in Resources */,
				3BE5FDAD286AE73800D59958 /* Info-UAT.plist in Resources */,
				3BE5FD75286ADE5E00D59958 /* Comforter-Regular.ttf in Resources */,
				3BE5FD76286ADE5E00D59958 /* Lato-Black.ttf in Resources */,
				3BE5FD77286ADE5E00D59958 /* Lato-Bold.ttf in Resources */,
				3BE5FD78286ADE5E00D59958 /* Lato-BoldItalic.ttf in Resources */,
				3BE5FD79286ADE5E00D59958 /* Lato-Italic.ttf in Resources */,
				3BE5FD7A286ADE5E00D59958 /* Lato-Light.ttf in Resources */,
				3BE5FD7B286ADE5E00D59958 /* Lato-Regular.ttf in Resources */,
				3BE5FD7C286ADE5E00D59958 /* Lato-Thin.ttf in Resources */,
			);
			runOnlyForDeploymentPostprocessing = 0;
		};
		3BE5FD8D286ADE6E00D59958 /* Resources */ = {
			isa = PBXResourcesBuildPhase;
			buildActionMask = 2147483647;
			files = (
				3BF4580128D091A300991564 /* HelveticaNeueLight.ttf in Resources */,
				3BF4580228D091A300991564 /* HelveticaNeueMedium.ttf in Resources */,
				3BE5FD8E286ADE6E00D59958 /* LaunchScreen.storyboard in Resources */,
				3BE5FD8F286ADE6E00D59958 /* Images.xcassets in Resources */,
				3BE5FD90286ADE6E00D59958 /* Comforter-Regular.ttf in Resources */,
				3BE5FD91286ADE6E00D59958 /* Lato-Black.ttf in Resources */,
				3BE5FD92286ADE6E00D59958 /* Lato-Bold.ttf in Resources */,
				3BE5FDA9286AE2B400D59958 /* Info-DEV.plist in Resources */,
				3BE5FD93286ADE6E00D59958 /* Lato-BoldItalic.ttf in Resources */,
				3BE5FD94286ADE6E00D59958 /* Lato-Italic.ttf in Resources */,
				3BE5FD95286ADE6E00D59958 /* Lato-Light.ttf in Resources */,
				3BE5FD96286ADE6E00D59958 /* Lato-Regular.ttf in Resources */,
				3BE5FD97286ADE6E00D59958 /* Lato-Thin.ttf in Resources */,
			);
			runOnlyForDeploymentPostprocessing = 0;
		};
/* End PBXResourcesBuildPhase section */

/* Begin PBXShellScriptBuildPhase section */
		00DD1BFF1BD5951E006B06BC /* Bundle React Native code and images */ = {
			isa = PBXShellScriptBuildPhase;
			buildActionMask = 2147483647;
			files = (
			);
			inputPaths = (
			);
			name = "Bundle React Native code and images";
			outputPaths = (
			);
			runOnlyForDeploymentPostprocessing = 0;
			shellPath = /bin/sh;
			shellScript = "set -e\n\nexport NODE_BINARY=node\n../node_modules/react-native/scripts/react-native-xcode.sh\n";
		};
		18C74D6A8E937DBD00A6AD85 /* [CP] Embed Pods Frameworks */ = {
			isa = PBXShellScriptBuildPhase;
			buildActionMask = 2147483647;
			files = (
			);
			inputFileListPaths = (
				"${PODS_ROOT}/Target Support Files/Pods-PatientEducation/Pods-PatientEducation-frameworks-${CONFIGURATION}-input-files.xcfilelist",
			);
			name = "[CP] Embed Pods Frameworks";
			outputFileListPaths = (
				"${PODS_ROOT}/Target Support Files/Pods-PatientEducation/Pods-PatientEducation-frameworks-${CONFIGURATION}-output-files.xcfilelist",
			);
			runOnlyForDeploymentPostprocessing = 0;
			shellPath = /bin/sh;
			shellScript = "\"${PODS_ROOT}/Target Support Files/Pods-PatientEducation/Pods-PatientEducation-frameworks.sh\"\n";
			showEnvVarsInLog = 0;
		};
		3BE5FD51286ADE1800D59958 /* Start Packager */ = {
			isa = PBXShellScriptBuildPhase;
			buildActionMask = 2147483647;
			files = (
			);
			inputFileListPaths = (
			);
			inputPaths = (
			);
			name = "Start Packager";
			outputFileListPaths = (
			);
			outputPaths = (
			);
			runOnlyForDeploymentPostprocessing = 0;
			shellPath = /bin/sh;
			shellScript = "export RCT_METRO_PORT=\"${RCT_METRO_PORT:=8081}\"\necho \"export RCT_METRO_PORT=${RCT_METRO_PORT}\" > \"${SRCROOT}/../node_modules/react-native/scripts/.packager.env\"\nif [ -z \"${RCT_NO_LAUNCH_PACKAGER+xxx}\" ] ; then\n  if nc -w 5 -z localhost ${RCT_METRO_PORT} ; then\n    if ! curl -s \"http://localhost:${RCT_METRO_PORT}/status\" | grep -q \"packager-status:running\" ; then\n      echo \"Port ${RCT_METRO_PORT} already in use, packager is either not running or not running correctly\"\n      exit 2\n    fi\n  else\n    open \"$SRCROOT/../node_modules/react-native/scripts/launchPackager.command\" || echo \"Can't start packager automatically\"\n  fi\nfi\n";
			showEnvVarsInLog = 0;
		};
		3BE5FD62286ADE1800D59958 /* Bundle React Native code and images */ = {
			isa = PBXShellScriptBuildPhase;
			buildActionMask = 2147483647;
			files = (
			);
			inputPaths = (
			);
			name = "Bundle React Native code and images";
			outputPaths = (
			);
			runOnlyForDeploymentPostprocessing = 0;
			shellPath = /bin/sh;
			shellScript = "set -e\n\nexport NODE_BINARY=node\n../node_modules/react-native/scripts/react-native-xcode.sh\n";
		};
		3BE5FD6C286ADE5E00D59958 /* Start Packager */ = {
			isa = PBXShellScriptBuildPhase;
			buildActionMask = 2147483647;
			files = (
			);
			inputFileListPaths = (
			);
			inputPaths = (
			);
			name = "Start Packager";
			outputFileListPaths = (
			);
			outputPaths = (
			);
			runOnlyForDeploymentPostprocessing = 0;
			shellPath = /bin/sh;
			shellScript = "export RCT_METRO_PORT=\"${RCT_METRO_PORT:=8081}\"\necho \"export RCT_METRO_PORT=${RCT_METRO_PORT}\" > \"${SRCROOT}/../node_modules/react-native/scripts/.packager.env\"\nif [ -z \"${RCT_NO_LAUNCH_PACKAGER+xxx}\" ] ; then\n  if nc -w 5 -z localhost ${RCT_METRO_PORT} ; then\n    if ! curl -s \"http://localhost:${RCT_METRO_PORT}/status\" | grep -q \"packager-status:running\" ; then\n      echo \"Port ${RCT_METRO_PORT} already in use, packager is either not running or not running correctly\"\n      exit 2\n    fi\n  else\n    open \"$SRCROOT/../node_modules/react-native/scripts/launchPackager.command\" || echo \"Can't start packager automatically\"\n  fi\nfi\n";
			showEnvVarsInLog = 0;
		};
		3BE5FD7D286ADE5E00D59958 /* Bundle React Native code and images */ = {
			isa = PBXShellScriptBuildPhase;
			buildActionMask = 2147483647;
			files = (
			);
			inputPaths = (
			);
			name = "Bundle React Native code and images";
			outputPaths = (
			);
			runOnlyForDeploymentPostprocessing = 0;
			shellPath = /bin/sh;
			shellScript = "set -e\n\nexport NODE_BINARY=node\n../node_modules/react-native/scripts/react-native-xcode.sh\n";
		};
		3BE5FD87286ADE6E00D59958 /* Start Packager */ = {
			isa = PBXShellScriptBuildPhase;
			buildActionMask = 2147483647;
			files = (
			);
			inputFileListPaths = (
			);
			inputPaths = (
			);
			name = "Start Packager";
			outputFileListPaths = (
			);
			outputPaths = (
			);
			runOnlyForDeploymentPostprocessing = 0;
			shellPath = /bin/sh;
			shellScript = "export RCT_METRO_PORT=\"${RCT_METRO_PORT:=8081}\"\necho \"export RCT_METRO_PORT=${RCT_METRO_PORT}\" > \"${SRCROOT}/../node_modules/react-native/scripts/.packager.env\"\nif [ -z \"${RCT_NO_LAUNCH_PACKAGER+xxx}\" ] ; then\n  if nc -w 5 -z localhost ${RCT_METRO_PORT} ; then\n    if ! curl -s \"http://localhost:${RCT_METRO_PORT}/status\" | grep -q \"packager-status:running\" ; then\n      echo \"Port ${RCT_METRO_PORT} already in use, packager is either not running or not running correctly\"\n      exit 2\n    fi\n  else\n    open \"$SRCROOT/../node_modules/react-native/scripts/launchPackager.command\" || echo \"Can't start packager automatically\"\n  fi\nfi\n";
			showEnvVarsInLog = 0;
		};
		3BE5FD98286ADE6E00D59958 /* Bundle React Native code and images */ = {
			isa = PBXShellScriptBuildPhase;
			buildActionMask = 2147483647;
			files = (
			);
			inputPaths = (
			);
			name = "Bundle React Native code and images";
			outputPaths = (
			);
			runOnlyForDeploymentPostprocessing = 0;
			shellPath = /bin/sh;
			shellScript = "set -e\n\nexport NODE_BINARY=node\n../node_modules/react-native/scripts/react-native-xcode.sh\n";
		};
		4A8F0EB7235725FFF82E876A /* [CP] Copy Pods Resources */ = {
			isa = PBXShellScriptBuildPhase;
			buildActionMask = 2147483647;
			files = (
			);
			inputFileListPaths = (
				"${PODS_ROOT}/Target Support Files/Pods-PatientEducation_dev/Pods-PatientEducation_dev-resources-${CONFIGURATION}-input-files.xcfilelist",
			);
			name = "[CP] Copy Pods Resources";
			outputFileListPaths = (
				"${PODS_ROOT}/Target Support Files/Pods-PatientEducation_dev/Pods-PatientEducation_dev-resources-${CONFIGURATION}-output-files.xcfilelist",
			);
			runOnlyForDeploymentPostprocessing = 0;
			shellPath = /bin/sh;
			shellScript = "\"${PODS_ROOT}/Target Support Files/Pods-PatientEducation_dev/Pods-PatientEducation_dev-resources.sh\"\n";
			showEnvVarsInLog = 0;
		};
		658A2008A098542BAA67D315 /* [CP] Copy Pods Resources */ = {
			isa = PBXShellScriptBuildPhase;
			buildActionMask = 2147483647;
			files = (
			);
			inputFileListPaths = (
				"${PODS_ROOT}/Target Support Files/Pods-PatientEducation/Pods-PatientEducation-resources-${CONFIGURATION}-input-files.xcfilelist",
			);
			name = "[CP] Copy Pods Resources";
			outputFileListPaths = (
				"${PODS_ROOT}/Target Support Files/Pods-PatientEducation/Pods-PatientEducation-resources-${CONFIGURATION}-output-files.xcfilelist",
			);
			runOnlyForDeploymentPostprocessing = 0;
			shellPath = /bin/sh;
			shellScript = "\"${PODS_ROOT}/Target Support Files/Pods-PatientEducation/Pods-PatientEducation-resources.sh\"\n";
			showEnvVarsInLog = 0;
		};
		6C1201322C98C1CFFEE9A37D /* [CP] Check Pods Manifest.lock */ = {
			isa = PBXShellScriptBuildPhase;
			buildActionMask = 2147483647;
			files = (
			);
			inputFileListPaths = (
			);
			inputPaths = (
				"${PODS_PODFILE_DIR_PATH}/Podfile.lock",
				"${PODS_ROOT}/Manifest.lock",
			);
			name = "[CP] Check Pods Manifest.lock";
			outputFileListPaths = (
			);
			outputPaths = (
				"$(DERIVED_FILE_DIR)/Pods-PatientEducation-checkManifestLockResult.txt",
			);
			runOnlyForDeploymentPostprocessing = 0;
			shellPath = /bin/sh;
			shellScript = "diff \"${PODS_PODFILE_DIR_PATH}/Podfile.lock\" \"${PODS_ROOT}/Manifest.lock\" > /dev/null\nif [ $? != 0 ] ; then\n    # print error to STDERR\n    echo \"error: The sandbox is not in sync with the Podfile.lock. Run 'pod install' or update your CocoaPods installation.\" >&2\n    exit 1\nfi\n# This output is used by Xcode 'outputs' to avoid re-running this script phase.\necho \"SUCCESS\" > \"${SCRIPT_OUTPUT_FILE_0}\"\n";
			showEnvVarsInLog = 0;
		};
		749EFD34880CBE4100453C9E /* [CP] Check Pods Manifest.lock */ = {
			isa = PBXShellScriptBuildPhase;
			buildActionMask = 2147483647;
			files = (
			);
			inputFileListPaths = (
			);
			inputPaths = (
				"${PODS_PODFILE_DIR_PATH}/Podfile.lock",
				"${PODS_ROOT}/Manifest.lock",
			);
			name = "[CP] Check Pods Manifest.lock";
			outputFileListPaths = (
			);
			outputPaths = (
				"$(DERIVED_FILE_DIR)/Pods-PatientEducation-PatientEducationTests-checkManifestLockResult.txt",
			);
			runOnlyForDeploymentPostprocessing = 0;
			shellPath = /bin/sh;
			shellScript = "diff \"${PODS_PODFILE_DIR_PATH}/Podfile.lock\" \"${PODS_ROOT}/Manifest.lock\" > /dev/null\nif [ $? != 0 ] ; then\n    # print error to STDERR\n    echo \"error: The sandbox is not in sync with the Podfile.lock. Run 'pod install' or update your CocoaPods installation.\" >&2\n    exit 1\nfi\n# This output is used by Xcode 'outputs' to avoid re-running this script phase.\necho \"SUCCESS\" > \"${SCRIPT_OUTPUT_FILE_0}\"\n";
			showEnvVarsInLog = 0;
		};
		8DBD969DF238DEB82EBEC7FB /* [CP] Copy Pods Resources */ = {
			isa = PBXShellScriptBuildPhase;
			buildActionMask = 2147483647;
			files = (
			);
			inputFileListPaths = (
				"${PODS_ROOT}/Target Support Files/Pods-PatientEducation_uat/Pods-PatientEducation_uat-resources-${CONFIGURATION}-input-files.xcfilelist",
			);
			name = "[CP] Copy Pods Resources";
			outputFileListPaths = (
				"${PODS_ROOT}/Target Support Files/Pods-PatientEducation_uat/Pods-PatientEducation_uat-resources-${CONFIGURATION}-output-files.xcfilelist",
			);
			runOnlyForDeploymentPostprocessing = 0;
			shellPath = /bin/sh;
			shellScript = "\"${PODS_ROOT}/Target Support Files/Pods-PatientEducation_uat/Pods-PatientEducation_uat-resources.sh\"\n";
			showEnvVarsInLog = 0;
		};
		B171235D380CC41ADF0EC50E /* [CP] Check Pods Manifest.lock */ = {
			isa = PBXShellScriptBuildPhase;
			buildActionMask = 2147483647;
			files = (
			);
			inputFileListPaths = (
			);
			inputPaths = (
				"${PODS_PODFILE_DIR_PATH}/Podfile.lock",
				"${PODS_ROOT}/Manifest.lock",
			);
			name = "[CP] Check Pods Manifest.lock";
			outputFileListPaths = (
			);
			outputPaths = (
				"$(DERIVED_FILE_DIR)/Pods-PatientEducation_sit-checkManifestLockResult.txt",
			);
			runOnlyForDeploymentPostprocessing = 0;
			shellPath = /bin/sh;
			shellScript = "diff \"${PODS_PODFILE_DIR_PATH}/Podfile.lock\" \"${PODS_ROOT}/Manifest.lock\" > /dev/null\nif [ $? != 0 ] ; then\n    # print error to STDERR\n    echo \"error: The sandbox is not in sync with the Podfile.lock. Run 'pod install' or update your CocoaPods installation.\" >&2\n    exit 1\nfi\n# This output is used by Xcode 'outputs' to avoid re-running this script phase.\necho \"SUCCESS\" > \"${SCRIPT_OUTPUT_FILE_0}\"\n";
			showEnvVarsInLog = 0;
		};
		C7AA9F65BBF3CBA5E8EDFC0D /* [CP] Copy Pods Resources */ = {
			isa = PBXShellScriptBuildPhase;
			buildActionMask = 2147483647;
			files = (
			);
			inputFileListPaths = (
				"${PODS_ROOT}/Target Support Files/Pods-PatientEducation-PatientEducationTests/Pods-PatientEducation-PatientEducationTests-resources-${CONFIGURATION}-input-files.xcfilelist",
			);
			name = "[CP] Copy Pods Resources";
			outputFileListPaths = (
				"${PODS_ROOT}/Target Support Files/Pods-PatientEducation-PatientEducationTests/Pods-PatientEducation-PatientEducationTests-resources-${CONFIGURATION}-output-files.xcfilelist",
			);
			runOnlyForDeploymentPostprocessing = 0;
			shellPath = /bin/sh;
			shellScript = "\"${PODS_ROOT}/Target Support Files/Pods-PatientEducation-PatientEducationTests/Pods-PatientEducation-PatientEducationTests-resources.sh\"\n";
			showEnvVarsInLog = 0;
		};
		D17A0FAB8FD11A95A26E9FDE /* [CP] Copy Pods Resources */ = {
			isa = PBXShellScriptBuildPhase;
			buildActionMask = 2147483647;
			files = (
			);
			inputFileListPaths = (
				"${PODS_ROOT}/Target Support Files/Pods-PatientEducation_sit/Pods-PatientEducation_sit-resources-${CONFIGURATION}-input-files.xcfilelist",
			);
			name = "[CP] Copy Pods Resources";
			outputFileListPaths = (
				"${PODS_ROOT}/Target Support Files/Pods-PatientEducation_sit/Pods-PatientEducation_sit-resources-${CONFIGURATION}-output-files.xcfilelist",
			);
			runOnlyForDeploymentPostprocessing = 0;
			shellPath = /bin/sh;
			shellScript = "\"${PODS_ROOT}/Target Support Files/Pods-PatientEducation_sit/Pods-PatientEducation_sit-resources.sh\"\n";
			showEnvVarsInLog = 0;
		};
		D27C5149CB86F90190767BD2 /* [CP] Embed Pods Frameworks */ = {
			isa = PBXShellScriptBuildPhase;
			buildActionMask = 2147483647;
			files = (
			);
			inputFileListPaths = (
				"${PODS_ROOT}/Target Support Files/Pods-PatientEducation-PatientEducationTests/Pods-PatientEducation-PatientEducationTests-frameworks-${CONFIGURATION}-input-files.xcfilelist",
			);
			name = "[CP] Embed Pods Frameworks";
			outputFileListPaths = (
				"${PODS_ROOT}/Target Support Files/Pods-PatientEducation-PatientEducationTests/Pods-PatientEducation-PatientEducationTests-frameworks-${CONFIGURATION}-output-files.xcfilelist",
			);
			runOnlyForDeploymentPostprocessing = 0;
			shellPath = /bin/sh;
			shellScript = "\"${PODS_ROOT}/Target Support Files/Pods-PatientEducation-PatientEducationTests/Pods-PatientEducation-PatientEducationTests-frameworks.sh\"\n";
			showEnvVarsInLog = 0;
		};
		D892F31E0825812C53BDA4C6 /* [CP] Check Pods Manifest.lock */ = {
			isa = PBXShellScriptBuildPhase;
			buildActionMask = 2147483647;
			files = (
			);
			inputFileListPaths = (
			);
			inputPaths = (
				"${PODS_PODFILE_DIR_PATH}/Podfile.lock",
				"${PODS_ROOT}/Manifest.lock",
			);
			name = "[CP] Check Pods Manifest.lock";
			outputFileListPaths = (
			);
			outputPaths = (
				"$(DERIVED_FILE_DIR)/Pods-PatientEducation_uat-checkManifestLockResult.txt",
			);
			runOnlyForDeploymentPostprocessing = 0;
			shellPath = /bin/sh;
			shellScript = "diff \"${PODS_PODFILE_DIR_PATH}/Podfile.lock\" \"${PODS_ROOT}/Manifest.lock\" > /dev/null\nif [ $? != 0 ] ; then\n    # print error to STDERR\n    echo \"error: The sandbox is not in sync with the Podfile.lock. Run 'pod install' or update your CocoaPods installation.\" >&2\n    exit 1\nfi\n# This output is used by Xcode 'outputs' to avoid re-running this script phase.\necho \"SUCCESS\" > \"${SCRIPT_OUTPUT_FILE_0}\"\n";
			showEnvVarsInLog = 0;
		};
		E7ACDAD9B5EF720C6C8879C7 /* [CP] Check Pods Manifest.lock */ = {
			isa = PBXShellScriptBuildPhase;
			buildActionMask = 2147483647;
			files = (
			);
			inputFileListPaths = (
			);
			inputPaths = (
				"${PODS_PODFILE_DIR_PATH}/Podfile.lock",
				"${PODS_ROOT}/Manifest.lock",
			);
			name = "[CP] Check Pods Manifest.lock";
			outputFileListPaths = (
			);
			outputPaths = (
				"$(DERIVED_FILE_DIR)/Pods-PatientEducation_dev-checkManifestLockResult.txt",
			);
			runOnlyForDeploymentPostprocessing = 0;
			shellPath = /bin/sh;
			shellScript = "diff \"${PODS_PODFILE_DIR_PATH}/Podfile.lock\" \"${PODS_ROOT}/Manifest.lock\" > /dev/null\nif [ $? != 0 ] ; then\n    # print error to STDERR\n    echo \"error: The sandbox is not in sync with the Podfile.lock. Run 'pod install' or update your CocoaPods installation.\" >&2\n    exit 1\nfi\n# This output is used by Xcode 'outputs' to avoid re-running this script phase.\necho \"SUCCESS\" > \"${SCRIPT_OUTPUT_FILE_0}\"\n";
			showEnvVarsInLog = 0;
		};
		FD10A7F022414F080027D42C /* Start Packager */ = {
			isa = PBXShellScriptBuildPhase;
			buildActionMask = 2147483647;
			files = (
			);
			inputFileListPaths = (
			);
			inputPaths = (
			);
			name = "Start Packager";
			outputFileListPaths = (
			);
			outputPaths = (
			);
			runOnlyForDeploymentPostprocessing = 0;
			shellPath = /bin/sh;
			shellScript = "export RCT_METRO_PORT=\"${RCT_METRO_PORT:=8081}\"\necho \"export RCT_METRO_PORT=${RCT_METRO_PORT}\" > \"${SRCROOT}/../node_modules/react-native/scripts/.packager.env\"\nif [ -z \"${RCT_NO_LAUNCH_PACKAGER+xxx}\" ] ; then\n  if nc -w 5 -z localhost ${RCT_METRO_PORT} ; then\n    if ! curl -s \"http://localhost:${RCT_METRO_PORT}/status\" | grep -q \"packager-status:running\" ; then\n      echo \"Port ${RCT_METRO_PORT} already in use, packager is either not running or not running correctly\"\n      exit 2\n    fi\n  else\n    open \"$SRCROOT/../node_modules/react-native/scripts/launchPackager.command\" || echo \"Can't start packager automatically\"\n  fi\nfi\n";
			showEnvVarsInLog = 0;
		};
/* End PBXShellScriptBuildPhase section */

/* Begin PBXSourcesBuildPhase section */
		00E356EA1AD99517003FC87E /* Sources */ = {
			isa = PBXSourcesBuildPhase;
			buildActionMask = 2147483647;
			files = (
				00E356F31AD99517003FC87E /* PatientEducationTests.m in Sources */,
			);
			runOnlyForDeploymentPostprocessing = 0;
		};
		13B07F871A680F5B00A75B9A /* Sources */ = {
			isa = PBXSourcesBuildPhase;
			buildActionMask = 2147483647;
			files = (
				13B07FBC1A68108700A75B9A /* AppDelegate.m in Sources */,
				13B07FC11A68108700A75B9A /* main.m in Sources */,
			);
			runOnlyForDeploymentPostprocessing = 0;
		};
		3BE5FD52286ADE1800D59958 /* Sources */ = {
			isa = PBXSourcesBuildPhase;
			buildActionMask = 2147483647;
			files = (
				3BE5FD53286ADE1800D59958 /* AppDelegate.m in Sources */,
				3BE5FD54286ADE1800D59958 /* main.m in Sources */,
			);
			runOnlyForDeploymentPostprocessing = 0;
		};
		3BE5FD6D286ADE5E00D59958 /* Sources */ = {
			isa = PBXSourcesBuildPhase;
			buildActionMask = 2147483647;
			files = (
				3BE5FD6E286ADE5E00D59958 /* AppDelegate.m in Sources */,
				3BE5FD6F286ADE5E00D59958 /* main.m in Sources */,
			);
			runOnlyForDeploymentPostprocessing = 0;
		};
		3BE5FD88286ADE6E00D59958 /* Sources */ = {
			isa = PBXSourcesBuildPhase;
			buildActionMask = 2147483647;
			files = (
				3BE5FD89286ADE6E00D59958 /* AppDelegate.m in Sources */,
				3BE5FD8A286ADE6E00D59958 /* main.m in Sources */,
			);
			runOnlyForDeploymentPostprocessing = 0;
		};
/* End PBXSourcesBuildPhase section */

/* Begin PBXTargetDependency section */
		00E356F51AD99517003FC87E /* PBXTargetDependency */ = {
			isa = PBXTargetDependency;
			target = 13B07F861A680F5B00A75B9A /* PatientEducation */;
			targetProxy = 00E356F41AD99517003FC87E /* PBXContainerItemProxy */;
		};
/* End PBXTargetDependency section */

/* Begin XCBuildConfiguration section */
		00E356F61AD99517003FC87E /* Debug */ = {
			isa = XCBuildConfiguration;
			baseConfigurationReference = 810185B9899FCBB7780316E6 /* Pods-PatientEducation-PatientEducationTests.debug.xcconfig */;
			buildSettings = {
				BUNDLE_LOADER = "$(TEST_HOST)";
				GCC_PREPROCESSOR_DEFINITIONS = (
					"DEBUG=1",
					"$(inherited)",
				);
				INFOPLIST_FILE = PatientEducationTests/Info.plist;
				IPHONEOS_DEPLOYMENT_TARGET = 11.0;
				LD_RUNPATH_SEARCH_PATHS = (
					"$(inherited)",
					"@executable_path/Frameworks",
					"@loader_path/Frameworks",
				);
				OTHER_LDFLAGS = (
					"-ObjC",
					"-lc++",
					"$(inherited)",
				);
				PRODUCT_BUNDLE_IDENTIFIER = "org.reactjs.native.example.$(PRODUCT_NAME:rfc1034identifier)";
				PRODUCT_NAME = "$(TARGET_NAME)";
				TEST_HOST = "$(BUILT_PRODUCTS_DIR)/PatientEducation.app/PatientEducation";
			};
			name = Debug;
		};
		00E356F71AD99517003FC87E /* Release */ = {
			isa = XCBuildConfiguration;
			baseConfigurationReference = 249D673E4F5DD8304C340F5A /* Pods-PatientEducation-PatientEducationTests.release.xcconfig */;
			buildSettings = {
				BUNDLE_LOADER = "$(TEST_HOST)";
				COPY_PHASE_STRIP = NO;
				INFOPLIST_FILE = PatientEducationTests/Info.plist;
				IPHONEOS_DEPLOYMENT_TARGET = 11.0;
				LD_RUNPATH_SEARCH_PATHS = (
					"$(inherited)",
					"@executable_path/Frameworks",
					"@loader_path/Frameworks",
				);
				OTHER_LDFLAGS = (
					"-ObjC",
					"-lc++",
					"$(inherited)",
				);
				PRODUCT_BUNDLE_IDENTIFIER = "org.reactjs.native.example.$(PRODUCT_NAME:rfc1034identifier)";
				PRODUCT_NAME = "$(TARGET_NAME)";
				TEST_HOST = "$(BUILT_PRODUCTS_DIR)/PatientEducation.app/PatientEducation";
			};
			name = Release;
		};
		13B07F941A680F5B00A75B9A /* Debug */ = {
			isa = XCBuildConfiguration;
			baseConfigurationReference = 0A4DEC7F4664BF820E0A738B /* Pods-PatientEducation.debug.xcconfig */;
			buildSettings = {
				ASSETCATALOG_COMPILER_APPICON_NAME = AppIcon;
				CLANG_ENABLE_MODULES = YES;
				CURRENT_PROJECT_VERSION = 1;
				DEVELOPMENT_TEAM = 59EA8Y2QUM;
				ENABLE_BITCODE = NO;
				"EXCLUDED_ARCHS[sdk=iphonesimulator*]" = arm64;
				INFOPLIST_FILE = PatientEducation/Info.plist;
				LD_RUNPATH_SEARCH_PATHS = (
					"$(inherited)",
					"@executable_path/Frameworks",
				);
				MARKETING_VERSION = 1.9;
				OTHER_LDFLAGS = (
					"$(inherited)",
					"-ObjC",
					"-lc++",
				);
				PRODUCT_BUNDLE_IDENTIFIER = com.freseniusnetcare.patienteducation;
				PRODUCT_NAME = PatientEducation;
				SWIFT_OBJC_BRIDGING_HEADER = "PatientEducation-Bridging-Header.h";
				SWIFT_OPTIMIZATION_LEVEL = "-Onone";
				SWIFT_VERSION = 5.0;
				TARGETED_DEVICE_FAMILY = 2;
				VERSIONING_SYSTEM = "apple-generic";
			};
			name = Debug;
		};
		13B07F951A680F5B00A75B9A /* Release */ = {
			isa = XCBuildConfiguration;
			baseConfigurationReference = 00205F0A200403794FA6F1D7 /* Pods-PatientEducation.release.xcconfig */;
			buildSettings = {
				ASSETCATALOG_COMPILER_APPICON_NAME = AppIcon;
				CLANG_ENABLE_MODULES = YES;
				CURRENT_PROJECT_VERSION = 1;
				DEVELOPMENT_TEAM = 59EA8Y2QUM;
				INFOPLIST_FILE = PatientEducation/Info.plist;
				LD_RUNPATH_SEARCH_PATHS = (
					"$(inherited)",
					"@executable_path/Frameworks",
				);
				MARKETING_VERSION = 1.9;
				OTHER_LDFLAGS = (
					"$(inherited)",
					"-ObjC",
					"-lc++",
				);
				PRODUCT_BUNDLE_IDENTIFIER = com.freseniusnetcare.patienteducation;
				PRODUCT_NAME = PatientEducation;
				SWIFT_OBJC_BRIDGING_HEADER = "PatientEducation-Bridging-Header.h";
				SWIFT_VERSION = 5.0;
				TARGETED_DEVICE_FAMILY = 2;
				VERSIONING_SYSTEM = "apple-generic";
			};
			name = Release;
		};
		3BE5FD66286ADE1800D59958 /* Debug */ = {
			isa = XCBuildConfiguration;
			baseConfigurationReference = 6A80B2259B78D81F1095B923 /* Pods-PatientEducation_sit.debug.xcconfig */;
			buildSettings = {
				ASSETCATALOG_COMPILER_APPICON_NAME = AppIcon;
				CLANG_ENABLE_MODULES = YES;
				CURRENT_PROJECT_VERSION = 1;
				ENABLE_BITCODE = NO;
				"EXCLUDED_ARCHS[sdk=iphonesimulator*]" = arm64;
				INFOPLIST_FILE = "PatientEducation/Info-SIT.plist";
				LD_RUNPATH_SEARCH_PATHS = (
					"$(inherited)",
					"@executable_path/Frameworks",
				);
				OTHER_LDFLAGS = (
					"$(inherited)",
					"-ObjC",
					"-lc++",
				);
				PRODUCT_BUNDLE_IDENTIFIER = com.freseniusnetcare.patienteducation.sit;
				PRODUCT_NAME = "$(TARGET_NAME)";
				SWIFT_OBJC_BRIDGING_HEADER = "PatientEducation_sit-Bridging-Header.h";
				SWIFT_OPTIMIZATION_LEVEL = "-Onone";
				SWIFT_VERSION = 5.0;
				TARGETED_DEVICE_FAMILY = 2;
				VERSIONING_SYSTEM = "apple-generic";
			};
			name = Debug;
		};
		3BE5FD67286ADE1800D59958 /* Release */ = {
			isa = XCBuildConfiguration;
			baseConfigurationReference = 6453E7233C183B982F1F5A4C /* Pods-PatientEducation_sit.release.xcconfig */;
			buildSettings = {
				ASSETCATALOG_COMPILER_APPICON_NAME = AppIcon;
				CLANG_ENABLE_MODULES = YES;
				CURRENT_PROJECT_VERSION = 1;
				INFOPLIST_FILE = "PatientEducation/Info-SIT.plist";
				LD_RUNPATH_SEARCH_PATHS = (
					"$(inherited)",
					"@executable_path/Frameworks",
				);
				OTHER_LDFLAGS = (
					"$(inherited)",
					"-ObjC",
					"-lc++",
				);
				PRODUCT_BUNDLE_IDENTIFIER = com.freseniusnetcare.patienteducation.sit;
				PRODUCT_NAME = "$(TARGET_NAME)";
				SWIFT_OBJC_BRIDGING_HEADER = "PatientEducation_sit-Bridging-Header.h";
				SWIFT_VERSION = 5.0;
				TARGETED_DEVICE_FAMILY = 2;
				VERSIONING_SYSTEM = "apple-generic";
			};
			name = Release;
		};
		3BE5FD81286ADE5E00D59958 /* Debug */ = {
			isa = XCBuildConfiguration;
			baseConfigurationReference = 03049390322AAFCE5774D718 /* Pods-PatientEducation_uat.debug.xcconfig */;
			buildSettings = {
				ASSETCATALOG_COMPILER_APPICON_NAME = AppIcon;
				CLANG_ENABLE_MODULES = YES;
				CURRENT_PROJECT_VERSION = 1;
				ENABLE_BITCODE = NO;
				"EXCLUDED_ARCHS[sdk=iphonesimulator*]" = arm64;
				INFOPLIST_FILE = "PatientEducation/Info-UAT.plist";
				LD_RUNPATH_SEARCH_PATHS = (
					"$(inherited)",
					"@executable_path/Frameworks",
				);
				OTHER_LDFLAGS = (
					"$(inherited)",
					"-ObjC",
					"-lc++",
				);
				PRODUCT_BUNDLE_IDENTIFIER = com.freseniusnetcare.patienteducation.uat;
				PRODUCT_NAME = "$(TARGET_NAME)";
				SWIFT_OBJC_BRIDGING_HEADER = "PatientEducation_uat-Bridging-Header.h";
				SWIFT_OPTIMIZATION_LEVEL = "-Onone";
				SWIFT_VERSION = 5.0;
				TARGETED_DEVICE_FAMILY = 2;
				VERSIONING_SYSTEM = "apple-generic";
			};
			name = Debug;
		};
		3BE5FD82286ADE5E00D59958 /* Release */ = {
			isa = XCBuildConfiguration;
			baseConfigurationReference = 8D77F7749AF32634825C8A7C /* Pods-PatientEducation_uat.release.xcconfig */;
			buildSettings = {
				ASSETCATALOG_COMPILER_APPICON_NAME = AppIcon;
				CLANG_ENABLE_MODULES = YES;
				CURRENT_PROJECT_VERSION = 1;
				INFOPLIST_FILE = "PatientEducation/Info-UAT.plist";
				LD_RUNPATH_SEARCH_PATHS = (
					"$(inherited)",
					"@executable_path/Frameworks",
				);
				OTHER_LDFLAGS = (
					"$(inherited)",
					"-ObjC",
					"-lc++",
				);
				PRODUCT_BUNDLE_IDENTIFIER = com.freseniusnetcare.patienteducation.uat;
				PRODUCT_NAME = "$(TARGET_NAME)";
				SWIFT_OBJC_BRIDGING_HEADER = "PatientEducation_uat-Bridging-Header.h";
				SWIFT_VERSION = 5.0;
				TARGETED_DEVICE_FAMILY = 2;
				VERSIONING_SYSTEM = "apple-generic";
			};
			name = Release;
		};
		3BE5FD9C286ADE6E00D59958 /* Debug */ = {
			isa = XCBuildConfiguration;
			baseConfigurationReference = 7BC0D07995082F1A7E205775 /* Pods-PatientEducation_dev.debug.xcconfig */;
			buildSettings = {
				ASSETCATALOG_COMPILER_APPICON_NAME = AppIcon;
				CLANG_ENABLE_MODULES = YES;
				CURRENT_PROJECT_VERSION = 1;
				DEVELOPMENT_TEAM = 4UK5XUT55L;
				ENABLE_BITCODE = NO;
				"EXCLUDED_ARCHS[sdk=iphonesimulator*]" = arm64;
				HEADER_SEARCH_PATHS = (
					"$(inherited)",
					"\"${PODS_ROOT}/Headers/Public\"",
					"\"${PODS_ROOT}/Headers/Public/AppAuth\"",
					"\"${PODS_ROOT}/Headers/Public/CocoaAsyncSocket\"",
					"\"${PODS_ROOT}/Headers/Public/DoubleConversion\"",
					"\"${PODS_ROOT}/Headers/Public/FBLazyVector\"",
					"\"${PODS_ROOT}/Headers/Public/FBReactNativeSpec\"",
					"\"${PODS_ROOT}/Headers/Public/Flipper\"",
					"\"${PODS_ROOT}/Headers/Public/Flipper-Fmt\"",
					"\"${PODS_ROOT}/Headers/Public/Flipper-Folly\"",
					"\"${PODS_ROOT}/Headers/Public/Flipper-Glog\"",
					"\"${PODS_ROOT}/Headers/Public/Flipper-PeerTalk\"",
					"\"${PODS_ROOT}/Headers/Public/Flipper-RSocket\"",
					"\"${PODS_ROOT}/Headers/Public/FlipperKit\"",
					"\"${PODS_ROOT}/Headers/Public/GCDWebServer\"",
					"\"${PODS_ROOT}/Headers/Public/RCT-Folly\"",
					"\"${PODS_ROOT}/Headers/Public/RCTRequired\"",
					"\"${PODS_ROOT}/Headers/Public/RCTTypeSafety\"",
					"\"${PODS_ROOT}/Headers/Public/RNCAsyncStorage\"",
					"\"${PODS_ROOT}/Headers/Public/RNCCheckbox\"",
					"\"${PODS_ROOT}/Headers/Public/RNDeviceInfo\"",
					"\"${PODS_ROOT}/Headers/Public/RNFS\"",
					"\"${PODS_ROOT}/Headers/Public/RNFileViewer\"",
					"\"${PODS_ROOT}/Headers/Public/RNGestureHandler\"",
					"\"${PODS_ROOT}/Headers/Public/RNI18n\"",
					"\"${PODS_ROOT}/Headers/Public/RNLocalize\"",
					"\"${PODS_ROOT}/Headers/Public/RNReanimated\"",
					"\"${PODS_ROOT}/Headers/Public/RNSVG\"",
					"\"${PODS_ROOT}/Headers/Public/RNScreens\"",
					"\"${PODS_ROOT}/Headers/Public/RNSecureKeyStore\"",
					"\"${PODS_ROOT}/Headers/Public/RNVectorIcons\"",
					"\"${PODS_ROOT}/Headers/Public/React-Core\"",
					"\"${PODS_ROOT}/Headers/Public/React-RCTBlob\"",
					"\"${PODS_ROOT}/Headers/Public/React-RCTText\"",
					"\"${PODS_ROOT}/Headers/Public/React-callinvoker\"",
					"\"${PODS_ROOT}/Headers/Public/React-cxxreact\"",
					"\"${PODS_ROOT}/Headers/Public/React-jsi\"",
					"\"${PODS_ROOT}/Headers/Public/React-jsiexecutor\"",
					"\"${PODS_ROOT}/Headers/Public/React-jsinspector\"",
					"\"${PODS_ROOT}/Headers/Public/React-logger\"",
					"\"${PODS_ROOT}/Headers/Public/React-perflogger\"",
					"\"${PODS_ROOT}/Headers/Public/React-runtimeexecutor\"",
					"\"${PODS_ROOT}/Headers/Public/ReactCommon\"",
					"\"${PODS_ROOT}/Headers/Public/ReactNativeLocalization\"",
					"\"${PODS_ROOT}/Headers/Public/Yoga\"",
					"\"${PODS_ROOT}/Headers/Public/YogaKit\"",
					"\"${PODS_ROOT}/Headers/Public/fmt\"",
					"\"${PODS_ROOT}/Headers/Public/glog\"",
					"\"${PODS_ROOT}/Headers/Public/libevent\"",
					"\"${PODS_ROOT}/Headers/Public/react-native-app-auth\"",
					"\"${PODS_ROOT}/Headers/Public/react-native-blob-util\"",
					"\"${PODS_ROOT}/Headers/Public/react-native-config\"",
					"\"${PODS_ROOT}/Headers/Public/react-native-netinfo\"",
					"\"${PODS_ROOT}/Headers/Public/react-native-pdf\"",
					"\"${PODS_ROOT}/Headers/Public/react-native-safe-area-context\"",
					"\"${PODS_ROOT}/Headers/Public/react-native-splash-screen\"",
					"\"${PODS_ROOT}/Headers/Public/react-native-webview\"",
					"\"${PODS_XCFRAMEWORKS_BUILD_DIR}/RealmJS/Headers\"",
					"\"$(PODS_ROOT)/DoubleConversion\"",
					"\"$(PODS_ROOT)/boost\"",
					"\"$(PODS_ROOT)/boost\"",
					"\"$(PODS_ROOT)/boost-for-react-native\"",
					"\"$(PODS_ROOT)/glog\"",
					"\"$(PODS_ROOT)/RCT-Folly\"",
					"\"${PODS_ROOT}/Headers/Public/React-hermes\"",
					"\"${PODS_ROOT}/Headers/Public/hermes-engine\"",
					"\"$(PODS_ROOT)/Headers/Private/React-Core\"",
				);
				INFOPLIST_FILE = "PatientEducation/Info-DEV.plist";
				LD_RUNPATH_SEARCH_PATHS = (
					"$(inherited)",
					"@executable_path/Frameworks",
				);
				LIBRARY_SEARCH_PATHS = (
					"$(inherited)",
					"\"${PODS_CONFIGURATION_BUILD_DIR}/AppAuth\"",
					"\"${PODS_CONFIGURATION_BUILD_DIR}/DoubleConversion\"",
					"\"${PODS_CONFIGURATION_BUILD_DIR}/FBReactNativeSpec\"",
					"\"${PODS_CONFIGURATION_BUILD_DIR}/GCDWebServer\"",
					"\"${PODS_CONFIGURATION_BUILD_DIR}/RCT-Folly\"",
					"\"${PODS_CONFIGURATION_BUILD_DIR}/RCTTypeSafety\"",
					"\"${PODS_CONFIGURATION_BUILD_DIR}/RNCAsyncStorage\"",
					"\"${PODS_CONFIGURATION_BUILD_DIR}/RNCCheckbox\"",
					"\"${PODS_CONFIGURATION_BUILD_DIR}/RNDeviceInfo\"",
					"\"${PODS_CONFIGURATION_BUILD_DIR}/RNFS\"",
					"\"${PODS_CONFIGURATION_BUILD_DIR}/RNFileViewer\"",
					"\"${PODS_CONFIGURATION_BUILD_DIR}/RNGestureHandler\"",
					"\"${PODS_CONFIGURATION_BUILD_DIR}/RNI18n\"",
					"\"${PODS_CONFIGURATION_BUILD_DIR}/RNLocalize\"",
					"\"${PODS_CONFIGURATION_BUILD_DIR}/RNReanimated\"",
					"\"${PODS_CONFIGURATION_BUILD_DIR}/RNSVG\"",
					"\"${PODS_CONFIGURATION_BUILD_DIR}/RNScreens\"",
					"\"${PODS_CONFIGURATION_BUILD_DIR}/RNSecureKeyStore\"",
					"\"${PODS_CONFIGURATION_BUILD_DIR}/RNVectorIcons\"",
					"\"${PODS_CONFIGURATION_BUILD_DIR}/React-Core\"",
					"\"${PODS_CONFIGURATION_BUILD_DIR}/React-CoreModules\"",
					"\"${PODS_CONFIGURATION_BUILD_DIR}/React-RCTAnimation\"",
					"\"${PODS_CONFIGURATION_BUILD_DIR}/React-RCTBlob\"",
					"\"${PODS_CONFIGURATION_BUILD_DIR}/React-RCTImage\"",
					"\"${PODS_CONFIGURATION_BUILD_DIR}/React-RCTLinking\"",
					"\"${PODS_CONFIGURATION_BUILD_DIR}/React-RCTNetwork\"",
					"\"${PODS_CONFIGURATION_BUILD_DIR}/React-RCTSettings\"",
					"\"${PODS_CONFIGURATION_BUILD_DIR}/React-RCTText\"",
					"\"${PODS_CONFIGURATION_BUILD_DIR}/React-RCTVibration\"",
					"\"${PODS_CONFIGURATION_BUILD_DIR}/React-cxxreact\"",
					"\"${PODS_CONFIGURATION_BUILD_DIR}/React-jsi\"",
					"\"${PODS_CONFIGURATION_BUILD_DIR}/React-jsiexecutor\"",
					"\"${PODS_CONFIGURATION_BUILD_DIR}/React-jsinspector\"",
					"\"${PODS_CONFIGURATION_BUILD_DIR}/React-logger\"",
					"\"${PODS_CONFIGURATION_BUILD_DIR}/React-perflogger\"",
					"\"${PODS_CONFIGURATION_BUILD_DIR}/ReactCommon\"",
					"\"${PODS_CONFIGURATION_BUILD_DIR}/ReactNativeLocalization\"",
					"\"${PODS_CONFIGURATION_BUILD_DIR}/RealmJS\"",
					"\"${PODS_CONFIGURATION_BUILD_DIR}/Yoga\"",
					"\"${PODS_CONFIGURATION_BUILD_DIR}/fmt\"",
					"\"${PODS_CONFIGURATION_BUILD_DIR}/glog\"",
					"\"${PODS_CONFIGURATION_BUILD_DIR}/react-native-app-auth\"",
					"\"${PODS_CONFIGURATION_BUILD_DIR}/react-native-blob-util\"",
					"\"${PODS_CONFIGURATION_BUILD_DIR}/react-native-config\"",
					"\"${PODS_CONFIGURATION_BUILD_DIR}/react-native-netinfo\"",
					"\"${PODS_CONFIGURATION_BUILD_DIR}/react-native-pdf\"",
					"\"${PODS_CONFIGURATION_BUILD_DIR}/react-native-safe-area-context\"",
					"\"${PODS_CONFIGURATION_BUILD_DIR}/react-native-splash-screen\"",
					"\"${PODS_CONFIGURATION_BUILD_DIR}/react-native-webview\"",
					"\"${PODS_XCFRAMEWORKS_BUILD_DIR}/RealmJS\"",
				);
				MARKETING_VERSION = 1.9;
				OTHER_LDFLAGS = (
					"$(inherited)",
					"-ObjC",
					"-lc++",
				);
				PRODUCT_BUNDLE_IDENTIFIER = com.freseniusnetcare.patienteducation.dev;
				PRODUCT_NAME = "$(TARGET_NAME)";
				SWIFT_OBJC_BRIDGING_HEADER = "PatientEducation_dev-Bridging-Header.h";
				SWIFT_OPTIMIZATION_LEVEL = "-Onone";
				SWIFT_VERSION = 5.0;
				TARGETED_DEVICE_FAMILY = 2;
				VERSIONING_SYSTEM = "apple-generic";
			};
			name = Debug;
		};
		3BE5FD9D286ADE6E00D59958 /* Release */ = {
			isa = XCBuildConfiguration;
			baseConfigurationReference = 53C7C9EB0EE294F33154A548 /* Pods-PatientEducation_dev.release.xcconfig */;
			buildSettings = {
				ASSETCATALOG_COMPILER_APPICON_NAME = AppIcon;
				CLANG_ENABLE_MODULES = YES;
				CURRENT_PROJECT_VERSION = 1;
				DEVELOPMENT_TEAM = 4UK5XUT55L;
				HEADER_SEARCH_PATHS = (
					"$(inherited)",
					"\"${PODS_ROOT}/Headers/Public\"",
					"\"${PODS_ROOT}/Headers/Public/AppAuth\"",
					"\"${PODS_ROOT}/Headers/Public/CocoaAsyncSocket\"",
					"\"${PODS_ROOT}/Headers/Public/DoubleConversion\"",
					"\"${PODS_ROOT}/Headers/Public/FBLazyVector\"",
					"\"${PODS_ROOT}/Headers/Public/FBReactNativeSpec\"",
					"\"${PODS_ROOT}/Headers/Public/Flipper\"",
					"\"${PODS_ROOT}/Headers/Public/Flipper-Fmt\"",
					"\"${PODS_ROOT}/Headers/Public/Flipper-Folly\"",
					"\"${PODS_ROOT}/Headers/Public/Flipper-Glog\"",
					"\"${PODS_ROOT}/Headers/Public/Flipper-PeerTalk\"",
					"\"${PODS_ROOT}/Headers/Public/Flipper-RSocket\"",
					"\"${PODS_ROOT}/Headers/Public/FlipperKit\"",
					"\"${PODS_ROOT}/Headers/Public/GCDWebServer\"",
					"\"${PODS_ROOT}/Headers/Public/RCT-Folly\"",
					"\"${PODS_ROOT}/Headers/Public/RCTRequired\"",
					"\"${PODS_ROOT}/Headers/Public/RCTTypeSafety\"",
					"\"${PODS_ROOT}/Headers/Public/RNCAsyncStorage\"",
					"\"${PODS_ROOT}/Headers/Public/RNCCheckbox\"",
					"\"${PODS_ROOT}/Headers/Public/RNDeviceInfo\"",
					"\"${PODS_ROOT}/Headers/Public/RNFS\"",
					"\"${PODS_ROOT}/Headers/Public/RNFileViewer\"",
					"\"${PODS_ROOT}/Headers/Public/RNGestureHandler\"",
					"\"${PODS_ROOT}/Headers/Public/RNI18n\"",
					"\"${PODS_ROOT}/Headers/Public/RNLocalize\"",
					"\"${PODS_ROOT}/Headers/Public/RNReanimated\"",
					"\"${PODS_ROOT}/Headers/Public/RNSVG\"",
					"\"${PODS_ROOT}/Headers/Public/RNScreens\"",
					"\"${PODS_ROOT}/Headers/Public/RNSecureKeyStore\"",
					"\"${PODS_ROOT}/Headers/Public/RNVectorIcons\"",
					"\"${PODS_ROOT}/Headers/Public/React-Core\"",
					"\"${PODS_ROOT}/Headers/Public/React-RCTBlob\"",
					"\"${PODS_ROOT}/Headers/Public/React-RCTText\"",
					"\"${PODS_ROOT}/Headers/Public/React-callinvoker\"",
					"\"${PODS_ROOT}/Headers/Public/React-cxxreact\"",
					"\"${PODS_ROOT}/Headers/Public/React-jsi\"",
					"\"${PODS_ROOT}/Headers/Public/React-jsiexecutor\"",
					"\"${PODS_ROOT}/Headers/Public/React-jsinspector\"",
					"\"${PODS_ROOT}/Headers/Public/React-logger\"",
					"\"${PODS_ROOT}/Headers/Public/React-perflogger\"",
					"\"${PODS_ROOT}/Headers/Public/React-runtimeexecutor\"",
					"\"${PODS_ROOT}/Headers/Public/ReactCommon\"",
					"\"${PODS_ROOT}/Headers/Public/ReactNativeLocalization\"",
					"\"${PODS_ROOT}/Headers/Public/Yoga\"",
					"\"${PODS_ROOT}/Headers/Public/YogaKit\"",
					"\"${PODS_ROOT}/Headers/Public/fmt\"",
					"\"${PODS_ROOT}/Headers/Public/glog\"",
					"\"${PODS_ROOT}/Headers/Public/libevent\"",
					"\"${PODS_ROOT}/Headers/Public/react-native-app-auth\"",
					"\"${PODS_ROOT}/Headers/Public/react-native-blob-util\"",
					"\"${PODS_ROOT}/Headers/Public/react-native-config\"",
					"\"${PODS_ROOT}/Headers/Public/react-native-netinfo\"",
					"\"${PODS_ROOT}/Headers/Public/react-native-pdf\"",
					"\"${PODS_ROOT}/Headers/Public/react-native-safe-area-context\"",
					"\"${PODS_ROOT}/Headers/Public/react-native-splash-screen\"",
					"\"${PODS_ROOT}/Headers/Public/react-native-webview\"",
					"\"${PODS_XCFRAMEWORKS_BUILD_DIR}/RealmJS/Headers\"",
					"\"$(PODS_ROOT)/DoubleConversion\"",
					"\"$(PODS_ROOT)/boost\"",
					"\"$(PODS_ROOT)/boost\"",
					"\"$(PODS_ROOT)/boost-for-react-native\"",
					"\"$(PODS_ROOT)/glog\"",
					"\"$(PODS_ROOT)/RCT-Folly\"",
					"\"${PODS_ROOT}/Headers/Public/React-hermes\"",
					"\"${PODS_ROOT}/Headers/Public/hermes-engine\"",
					"\"$(PODS_ROOT)/Headers/Private/React-Core\"",
				);
				INFOPLIST_FILE = "PatientEducation/Info-DEV.plist";
				LD_RUNPATH_SEARCH_PATHS = (
					"$(inherited)",
					"@executable_path/Frameworks",
				);
				LIBRARY_SEARCH_PATHS = (
					"$(inherited)",
					"\"${PODS_CONFIGURATION_BUILD_DIR}/AppAuth\"",
					"\"${PODS_CONFIGURATION_BUILD_DIR}/DoubleConversion\"",
					"\"${PODS_CONFIGURATION_BUILD_DIR}/FBReactNativeSpec\"",
					"\"${PODS_CONFIGURATION_BUILD_DIR}/GCDWebServer\"",
					"\"${PODS_CONFIGURATION_BUILD_DIR}/RCT-Folly\"",
					"\"${PODS_CONFIGURATION_BUILD_DIR}/RCTTypeSafety\"",
					"\"${PODS_CONFIGURATION_BUILD_DIR}/RNCAsyncStorage\"",
					"\"${PODS_CONFIGURATION_BUILD_DIR}/RNCCheckbox\"",
					"\"${PODS_CONFIGURATION_BUILD_DIR}/RNDeviceInfo\"",
					"\"${PODS_CONFIGURATION_BUILD_DIR}/RNFS\"",
					"\"${PODS_CONFIGURATION_BUILD_DIR}/RNFileViewer\"",
					"\"${PODS_CONFIGURATION_BUILD_DIR}/RNGestureHandler\"",
					"\"${PODS_CONFIGURATION_BUILD_DIR}/RNI18n\"",
					"\"${PODS_CONFIGURATION_BUILD_DIR}/RNLocalize\"",
					"\"${PODS_CONFIGURATION_BUILD_DIR}/RNReanimated\"",
					"\"${PODS_CONFIGURATION_BUILD_DIR}/RNSVG\"",
					"\"${PODS_CONFIGURATION_BUILD_DIR}/RNScreens\"",
					"\"${PODS_CONFIGURATION_BUILD_DIR}/RNSecureKeyStore\"",
					"\"${PODS_CONFIGURATION_BUILD_DIR}/RNVectorIcons\"",
					"\"${PODS_CONFIGURATION_BUILD_DIR}/React-Core\"",
					"\"${PODS_CONFIGURATION_BUILD_DIR}/React-CoreModules\"",
					"\"${PODS_CONFIGURATION_BUILD_DIR}/React-RCTAnimation\"",
					"\"${PODS_CONFIGURATION_BUILD_DIR}/React-RCTBlob\"",
					"\"${PODS_CONFIGURATION_BUILD_DIR}/React-RCTImage\"",
					"\"${PODS_CONFIGURATION_BUILD_DIR}/React-RCTLinking\"",
					"\"${PODS_CONFIGURATION_BUILD_DIR}/React-RCTNetwork\"",
					"\"${PODS_CONFIGURATION_BUILD_DIR}/React-RCTSettings\"",
					"\"${PODS_CONFIGURATION_BUILD_DIR}/React-RCTText\"",
					"\"${PODS_CONFIGURATION_BUILD_DIR}/React-RCTVibration\"",
					"\"${PODS_CONFIGURATION_BUILD_DIR}/React-cxxreact\"",
					"\"${PODS_CONFIGURATION_BUILD_DIR}/React-jsi\"",
					"\"${PODS_CONFIGURATION_BUILD_DIR}/React-jsiexecutor\"",
					"\"${PODS_CONFIGURATION_BUILD_DIR}/React-jsinspector\"",
					"\"${PODS_CONFIGURATION_BUILD_DIR}/React-logger\"",
					"\"${PODS_CONFIGURATION_BUILD_DIR}/React-perflogger\"",
					"\"${PODS_CONFIGURATION_BUILD_DIR}/ReactCommon\"",
					"\"${PODS_CONFIGURATION_BUILD_DIR}/ReactNativeLocalization\"",
					"\"${PODS_CONFIGURATION_BUILD_DIR}/RealmJS\"",
					"\"${PODS_CONFIGURATION_BUILD_DIR}/Yoga\"",
					"\"${PODS_CONFIGURATION_BUILD_DIR}/fmt\"",
					"\"${PODS_CONFIGURATION_BUILD_DIR}/glog\"",
					"\"${PODS_CONFIGURATION_BUILD_DIR}/react-native-app-auth\"",
					"\"${PODS_CONFIGURATION_BUILD_DIR}/react-native-blob-util\"",
					"\"${PODS_CONFIGURATION_BUILD_DIR}/react-native-config\"",
					"\"${PODS_CONFIGURATION_BUILD_DIR}/react-native-netinfo\"",
					"\"${PODS_CONFIGURATION_BUILD_DIR}/react-native-pdf\"",
					"\"${PODS_CONFIGURATION_BUILD_DIR}/react-native-safe-area-context\"",
					"\"${PODS_CONFIGURATION_BUILD_DIR}/react-native-splash-screen\"",
					"\"${PODS_CONFIGURATION_BUILD_DIR}/react-native-webview\"",
					"\"${PODS_XCFRAMEWORKS_BUILD_DIR}/RealmJS\"",
				);
				MARKETING_VERSION = 1.9;
				OTHER_LDFLAGS = (
					"$(inherited)",
					"-ObjC",
					"-lc++",
				);
				PRODUCT_BUNDLE_IDENTIFIER = com.freseniusnetcare.patienteducation.dev;
				PRODUCT_NAME = "$(TARGET_NAME)";
				SWIFT_OBJC_BRIDGING_HEADER = "PatientEducation_dev-Bridging-Header.h";
				SWIFT_VERSION = 5.0;
				TARGETED_DEVICE_FAMILY = 2;
				VERSIONING_SYSTEM = "apple-generic";
			};
			name = Release;
		};
		83CBBA201A601CBA00E9B192 /* Debug */ = {
			isa = XCBuildConfiguration;
			buildSettings = {
				ALWAYS_SEARCH_USER_PATHS = NO;
				CLANG_ANALYZER_LOCALIZABILITY_NONLOCALIZED = YES;
				CLANG_CXX_LANGUAGE_STANDARD = "gnu++0x";
				CLANG_CXX_LIBRARY = "libc++";
				CLANG_ENABLE_MODULES = YES;
				CLANG_ENABLE_OBJC_ARC = YES;
				CLANG_WARN_BLOCK_CAPTURE_AUTORELEASING = YES;
				CLANG_WARN_BOOL_CONVERSION = YES;
				CLANG_WARN_COMMA = YES;
				CLANG_WARN_CONSTANT_CONVERSION = YES;
				CLANG_WARN_DEPRECATED_OBJC_IMPLEMENTATIONS = YES;
				CLANG_WARN_DIRECT_OBJC_ISA_USAGE = YES_ERROR;
				CLANG_WARN_EMPTY_BODY = YES;
				CLANG_WARN_ENUM_CONVERSION = YES;
				CLANG_WARN_INFINITE_RECURSION = YES;
				CLANG_WARN_INT_CONVERSION = YES;
				CLANG_WARN_NON_LITERAL_NULL_CONVERSION = YES;
				CLANG_WARN_OBJC_IMPLICIT_RETAIN_SELF = YES;
				CLANG_WARN_OBJC_LITERAL_CONVERSION = YES;
				CLANG_WARN_OBJC_ROOT_CLASS = YES_ERROR;
				CLANG_WARN_QUOTED_INCLUDE_IN_FRAMEWORK_HEADER = YES;
				CLANG_WARN_RANGE_LOOP_ANALYSIS = YES;
				CLANG_WARN_STRICT_PROTOTYPES = YES;
				CLANG_WARN_SUSPICIOUS_MOVE = YES;
				CLANG_WARN_UNREACHABLE_CODE = YES;
				CLANG_WARN__DUPLICATE_METHOD_MATCH = YES;
				"CODE_SIGN_IDENTITY[sdk=iphoneos*]" = "iPhone Developer";
				COPY_PHASE_STRIP = NO;
				ENABLE_STRICT_OBJC_MSGSEND = YES;
				ENABLE_TESTABILITY = YES;
				"EXCLUDED_ARCHS[sdk=iphonesimulator*]" = "";
				GCC_C_LANGUAGE_STANDARD = gnu99;
				GCC_DYNAMIC_NO_PIC = NO;
				GCC_NO_COMMON_BLOCKS = YES;
				GCC_OPTIMIZATION_LEVEL = 0;
				GCC_PREPROCESSOR_DEFINITIONS = (
					"DEBUG=1",
					"$(inherited)",
				);
				GCC_SYMBOLS_PRIVATE_EXTERN = NO;
				GCC_WARN_64_TO_32_BIT_CONVERSION = YES;
				GCC_WARN_ABOUT_RETURN_TYPE = YES_ERROR;
				GCC_WARN_UNDECLARED_SELECTOR = YES;
				GCC_WARN_UNINITIALIZED_AUTOS = YES_AGGRESSIVE;
				GCC_WARN_UNUSED_FUNCTION = YES;
				GCC_WARN_UNUSED_VARIABLE = YES;
				IPHONEOS_DEPLOYMENT_TARGET = 11.0;
				LD_RUNPATH_SEARCH_PATHS = (
					/usr/lib/swift,
					"$(inherited)",
				);
				LIBRARY_SEARCH_PATHS = (
					"\"$(SDKROOT)/usr/lib/swift\"",
					"\"$(TOOLCHAIN_DIR)/usr/lib/swift/$(PLATFORM_NAME)\"",
					"\"$(inherited)\"",
				);
				MTL_ENABLE_DEBUG_INFO = YES;
				ONLY_ACTIVE_ARCH = YES;
				SDKROOT = iphoneos;
			};
			name = Debug;
		};
		83CBBA211A601CBA00E9B192 /* Release */ = {
			isa = XCBuildConfiguration;
			buildSettings = {
				ALWAYS_SEARCH_USER_PATHS = NO;
				CLANG_ANALYZER_LOCALIZABILITY_NONLOCALIZED = YES;
				CLANG_CXX_LANGUAGE_STANDARD = "gnu++0x";
				CLANG_CXX_LIBRARY = "libc++";
				CLANG_ENABLE_MODULES = YES;
				CLANG_ENABLE_OBJC_ARC = YES;
				CLANG_WARN_BLOCK_CAPTURE_AUTORELEASING = YES;
				CLANG_WARN_BOOL_CONVERSION = YES;
				CLANG_WARN_COMMA = YES;
				CLANG_WARN_CONSTANT_CONVERSION = YES;
				CLANG_WARN_DEPRECATED_OBJC_IMPLEMENTATIONS = YES;
				CLANG_WARN_DIRECT_OBJC_ISA_USAGE = YES_ERROR;
				CLANG_WARN_EMPTY_BODY = YES;
				CLANG_WARN_ENUM_CONVERSION = YES;
				CLANG_WARN_INFINITE_RECURSION = YES;
				CLANG_WARN_INT_CONVERSION = YES;
				CLANG_WARN_NON_LITERAL_NULL_CONVERSION = YES;
				CLANG_WARN_OBJC_IMPLICIT_RETAIN_SELF = YES;
				CLANG_WARN_OBJC_LITERAL_CONVERSION = YES;
				CLANG_WARN_OBJC_ROOT_CLASS = YES_ERROR;
				CLANG_WARN_QUOTED_INCLUDE_IN_FRAMEWORK_HEADER = YES;
				CLANG_WARN_RANGE_LOOP_ANALYSIS = YES;
				CLANG_WARN_STRICT_PROTOTYPES = YES;
				CLANG_WARN_SUSPICIOUS_MOVE = YES;
				CLANG_WARN_UNREACHABLE_CODE = YES;
				CLANG_WARN__DUPLICATE_METHOD_MATCH = YES;
				"CODE_SIGN_IDENTITY[sdk=iphoneos*]" = "iPhone Developer";
				COPY_PHASE_STRIP = YES;
				ENABLE_NS_ASSERTIONS = NO;
				ENABLE_STRICT_OBJC_MSGSEND = YES;
				"EXCLUDED_ARCHS[sdk=iphonesimulator*]" = "";
				GCC_C_LANGUAGE_STANDARD = gnu99;
				GCC_NO_COMMON_BLOCKS = YES;
				GCC_WARN_64_TO_32_BIT_CONVERSION = YES;
				GCC_WARN_ABOUT_RETURN_TYPE = YES_ERROR;
				GCC_WARN_UNDECLARED_SELECTOR = YES;
				GCC_WARN_UNINITIALIZED_AUTOS = YES_AGGRESSIVE;
				GCC_WARN_UNUSED_FUNCTION = YES;
				GCC_WARN_UNUSED_VARIABLE = YES;
				IPHONEOS_DEPLOYMENT_TARGET = 11.0;
				LD_RUNPATH_SEARCH_PATHS = (
					/usr/lib/swift,
					"$(inherited)",
				);
				LIBRARY_SEARCH_PATHS = (
					"\"$(SDKROOT)/usr/lib/swift\"",
					"\"$(TOOLCHAIN_DIR)/usr/lib/swift/$(PLATFORM_NAME)\"",
					"\"$(inherited)\"",
				);
				MTL_ENABLE_DEBUG_INFO = NO;
				SDKROOT = iphoneos;
				VALIDATE_PRODUCT = YES;
			};
			name = Release;
		};
/* End XCBuildConfiguration section */

/* Begin XCConfigurationList section */
		00E357021AD99517003FC87E /* Build configuration list for PBXNativeTarget "PatientEducationTests" */ = {
			isa = XCConfigurationList;
			buildConfigurations = (
				00E356F61AD99517003FC87E /* Debug */,
				00E356F71AD99517003FC87E /* Release */,
			);
			defaultConfigurationIsVisible = 0;
			defaultConfigurationName = Release;
		};
		13B07F931A680F5B00A75B9A /* Build configuration list for PBXNativeTarget "PatientEducation" */ = {
			isa = XCConfigurationList;
			buildConfigurations = (
				13B07F941A680F5B00A75B9A /* Debug */,
				13B07F951A680F5B00A75B9A /* Release */,
			);
			defaultConfigurationIsVisible = 0;
			defaultConfigurationName = Release;
		};
		3BE5FD65286ADE1800D59958 /* Build configuration list for PBXNativeTarget "PatientEducation_sit" */ = {
			isa = XCConfigurationList;
			buildConfigurations = (
				3BE5FD66286ADE1800D59958 /* Debug */,
				3BE5FD67286ADE1800D59958 /* Release */,
			);
			defaultConfigurationIsVisible = 0;
			defaultConfigurationName = Release;
		};
		3BE5FD80286ADE5E00D59958 /* Build configuration list for PBXNativeTarget "PatientEducation_uat" */ = {
			isa = XCConfigurationList;
			buildConfigurations = (
				3BE5FD81286ADE5E00D59958 /* Debug */,
				3BE5FD82286ADE5E00D59958 /* Release */,
			);
			defaultConfigurationIsVisible = 0;
			defaultConfigurationName = Release;
		};
		3BE5FD9B286ADE6E00D59958 /* Build configuration list for PBXNativeTarget "PatientEducation_dev" */ = {
			isa = XCConfigurationList;
			buildConfigurations = (
				3BE5FD9C286ADE6E00D59958 /* Debug */,
				3BE5FD9D286ADE6E00D59958 /* Release */,
			);
			defaultConfigurationIsVisible = 0;
			defaultConfigurationName = Release;
		};
		83CBB9FA1A601CBA00E9B192 /* Build configuration list for PBXProject "PatientEducation" */ = {
			isa = XCConfigurationList;
			buildConfigurations = (
				83CBBA201A601CBA00E9B192 /* Debug */,
				83CBBA211A601CBA00E9B192 /* Release */,
			);
			defaultConfigurationIsVisible = 0;
			defaultConfigurationName = Release;
		};
/* End XCConfigurationList section */
	};
	rootObject = 83CBB9F71A601CBA00E9B192 /* Project object */;
}
